// !$*UTF8*$!
{
	archiveVersion = 1;
	classes = {
	};
	objectVersion = 46;
	objects = {

/* Begin PBXBuildFile section */
		6BF941252075063200D40319 /* libReact.a in Frameworks */ = {isa = PBXBuildFile; fileRef = 6BF941242075063200D40319 /* libReact.a */; };
		B501732B1DC01252003445D9 /* EXShell.plist in Resources */ = {isa = PBXBuildFile; fileRef = B501732A1DC01252003445D9 /* EXShell.plist */; };
		B517AED72417459BA2C12B4C /* libRNSSH.a in Frameworks */ = {isa = PBXBuildFile; fileRef = 875AC13E3CDC4D43AEC88F01 /* libRNSSH.a */; };
		B56386491DB9693800A0598C /* AppDelegate.m in Sources */ = {isa = PBXBuildFile; fileRef = B56386481DB9693800A0598C /* AppDelegate.m */; };
		B56386511DB9693800A0598C /* Assets.xcassets in Resources */ = {isa = PBXBuildFile; fileRef = B56386501DB9693800A0598C /* Assets.xcassets */; };
		B56386611DB96A5E00A0598C /* main.m in Sources */ = {isa = PBXBuildFile; fileRef = B563865E1DB96A5E00A0598C /* main.m */; };
		B56386671DB9994300A0598C /* EXSDKVersions.plist in Resources */ = {isa = PBXBuildFile; fileRef = B56386661DB9994300A0598C /* EXSDKVersions.plist */; };
		B5693E8E1FABD16A00307FA4 /* LaunchScreen.xib in Resources */ = {isa = PBXBuildFile; fileRef = B5693E8D1FABD16A00307FA4 /* LaunchScreen.xib */; };
		B5693E911FABD46800307FA4 /* launch_background_image.png in Resources */ = {isa = PBXBuildFile; fileRef = B5693E8F1FABD46800307FA4 /* launch_background_image.png */; };
		B5693E921FABD46800307FA4 /* launch_icon.png in Resources */ = {isa = PBXBuildFile; fileRef = B5693E901FABD46800307FA4 /* launch_icon.png */; };
		B5CFBF4F1EDE419400B4BE24 /* EXBuildConstants.plist in Resources */ = {isa = PBXBuildFile; fileRef = B5CFBF4E1EDE419400B4BE24 /* EXBuildConstants.plist */; };
		B5DB04801F3A684600E91581 /* shell-app-manifest.json in Resources */ = {isa = PBXBuildFile; fileRef = B5DB047E1F3A684600E91581 /* shell-app-manifest.json */; };
		B5DB04811F3A684600E91581 /* shell-app.bundle in Resources */ = {isa = PBXBuildFile; fileRef = B5DB047F1F3A684600E91581 /* shell-app.bundle */; };
		BEC615DEE3B7401D83618E07 /* libRNVectorIcons.a in Frameworks */ = {isa = PBXBuildFile; fileRef = 8C3C2B37EE83445A924AAC56 /* libRNVectorIcons.a */; };
		EBB8117C1BFA0514F79CAF74 /* libPods-scp-client.a in Frameworks */ = {isa = PBXBuildFile; fileRef = C4A88D15726AD99E8A257BC7 /* libPods-scp-client.a */; };
/* End PBXBuildFile section */

/* Begin PBXContainerItemProxy section */
		6BF9412E2075078A00D40319 /* PBXContainerItemProxy */ = {
			isa = PBXContainerItemProxy;
			containerPortal = 7AE69A83263F4C1F90E6CECE /* RNSSH.xcodeproj */;
			proxyType = 2;
			remoteGlobalIDString = 134814201AA4EA6300B7C361;
			remoteInfo = RNSSH;
		};
		6BF941312075078A00D40319 /* PBXContainerItemProxy */ = {
			isa = PBXContainerItemProxy;
			containerPortal = E824668F4CDA4107B4DB4466 /* RNVectorIcons.xcodeproj */;
			proxyType = 2;
			remoteGlobalIDString = 5DBEB1501B18CEA900B34395;
			remoteInfo = RNVectorIcons;
		};
/* End PBXContainerItemProxy section */

/* Begin PBXFileReference section */
		2C1548D9E4CB1AEFA5CCAE6D /* Pods-scp-client.debug.xcconfig */ = {isa = PBXFileReference; includeInIndex = 1; lastKnownFileType = text.xcconfig; name = "Pods-scp-client.debug.xcconfig"; path = "Pods/Target Support Files/Pods-scp-client/Pods-scp-client.debug.xcconfig"; sourceTree = "<group>"; };
		6BF941242075063200D40319 /* libReact.a */ = {isa = PBXFileReference; explicitFileType = archive.ar; path = libReact.a; sourceTree = BUILT_PRODUCTS_DIR; };
		7AE69A83263F4C1F90E6CECE /* RNSSH.xcodeproj */ = {isa = PBXFileReference; explicitFileType = undefined; fileEncoding = 9; includeInIndex = 0; lastKnownFileType = "wrapper.pb-project"; name = RNSSH.xcodeproj; path = "../node_modules/react-native-ssh/ios/RNSSH.xcodeproj"; sourceTree = "<group>"; };
		875AC13E3CDC4D43AEC88F01 /* libRNSSH.a */ = {isa = PBXFileReference; explicitFileType = undefined; fileEncoding = 9; includeInIndex = 0; lastKnownFileType = archive.ar; path = libRNSSH.a; sourceTree = "<group>"; };
		8C3C2B37EE83445A924AAC56 /* libRNVectorIcons.a */ = {isa = PBXFileReference; explicitFileType = undefined; fileEncoding = 9; includeInIndex = 0; lastKnownFileType = archive.ar; path = libRNVectorIcons.a; sourceTree = "<group>"; };
		A47FE4D7F70906B7DC8CE39B /* Pods-scp-client.release.xcconfig */ = {isa = PBXFileReference; includeInIndex = 1; lastKnownFileType = text.xcconfig; name = "Pods-scp-client.release.xcconfig"; path = "Pods/Target Support Files/Pods-scp-client/Pods-scp-client.release.xcconfig"; sourceTree = "<group>"; };
		B501732A1DC01252003445D9 /* EXShell.plist */ = {isa = PBXFileReference; fileEncoding = 4; lastKnownFileType = text.plist.xml; path = EXShell.plist; sourceTree = "<group>"; };
		B56386411DB9693800A0598C /* scp-client.app */ = {isa = PBXFileReference; explicitFileType = wrapper.application; includeInIndex = 0; path = "scp-client.app"; sourceTree = BUILT_PRODUCTS_DIR; };
		B56386471DB9693800A0598C /* AppDelegate.h */ = {isa = PBXFileReference; lastKnownFileType = sourcecode.c.h; path = AppDelegate.h; sourceTree = "<group>"; };
		B56386481DB9693800A0598C /* AppDelegate.m */ = {isa = PBXFileReference; lastKnownFileType = sourcecode.c.objc; path = AppDelegate.m; sourceTree = "<group>"; };
		B56386501DB9693800A0598C /* Assets.xcassets */ = {isa = PBXFileReference; lastKnownFileType = folder.assetcatalog; path = Assets.xcassets; sourceTree = "<group>"; };
		B563865C1DB96A5E00A0598C /* Info.plist */ = {isa = PBXFileReference; fileEncoding = 4; lastKnownFileType = text.plist.xml; path = Info.plist; sourceTree = "<group>"; };
		B563865E1DB96A5E00A0598C /* main.m */ = {isa = PBXFileReference; fileEncoding = 4; lastKnownFileType = sourcecode.c.objc; path = main.m; sourceTree = "<group>"; };
		B56386661DB9994300A0598C /* EXSDKVersions.plist */ = {isa = PBXFileReference; fileEncoding = 4; lastKnownFileType = text.plist.xml; path = EXSDKVersions.plist; sourceTree = "<group>"; };
		B5693E8D1FABD16A00307FA4 /* LaunchScreen.xib */ = {isa = PBXFileReference; fileEncoding = 4; lastKnownFileType = file.xib; path = LaunchScreen.xib; sourceTree = "<group>"; };
		B5693E8F1FABD46800307FA4 /* launch_background_image.png */ = {isa = PBXFileReference; lastKnownFileType = image.png; path = launch_background_image.png; sourceTree = "<group>"; };
		B5693E901FABD46800307FA4 /* launch_icon.png */ = {isa = PBXFileReference; lastKnownFileType = image.png; path = launch_icon.png; sourceTree = "<group>"; };
		B5CFBF4E1EDE419400B4BE24 /* EXBuildConstants.plist */ = {isa = PBXFileReference; fileEncoding = 4; lastKnownFileType = text.plist.xml; path = EXBuildConstants.plist; sourceTree = "<group>"; };
		B5DB047E1F3A684600E91581 /* shell-app-manifest.json */ = {isa = PBXFileReference; fileEncoding = 4; lastKnownFileType = text.json; path = "shell-app-manifest.json"; sourceTree = "<group>"; };
		B5DB047F1F3A684600E91581 /* shell-app.bundle */ = {isa = PBXFileReference; fileEncoding = 4; lastKnownFileType = text; path = "shell-app.bundle"; sourceTree = "<group>"; };
		C4A88D15726AD99E8A257BC7 /* libPods-scp-client.a */ = {isa = PBXFileReference; explicitFileType = archive.ar; includeInIndex = 0; path = "libPods-scp-client.a"; sourceTree = BUILT_PRODUCTS_DIR; };
		E824668F4CDA4107B4DB4466 /* RNVectorIcons.xcodeproj */ = {isa = PBXFileReference; explicitFileType = undefined; fileEncoding = 9; includeInIndex = 0; lastKnownFileType = "wrapper.pb-project"; name = RNVectorIcons.xcodeproj; path = "../node_modules/@expo/vector-icons/vendor/react-native-vector-icons/RNVectorIcons.xcodeproj"; sourceTree = "<group>"; };
/* End PBXFileReference section */

/* Begin PBXFrameworksBuildPhase section */
		B563863E1DB9693800A0598C /* Frameworks */ = {
			isa = PBXFrameworksBuildPhase;
			buildActionMask = 2147483647;
			files = (
				6BF941252075063200D40319 /* libReact.a in Frameworks */,
				EBB8117C1BFA0514F79CAF74 /* libPods-scp-client.a in Frameworks */,
				BEC615DEE3B7401D83618E07 /* libRNVectorIcons.a in Frameworks */,
				B517AED72417459BA2C12B4C /* libRNSSH.a in Frameworks */,
			);
			runOnlyForDeploymentPostprocessing = 0;
		};
/* End PBXFrameworksBuildPhase section */

/* Begin PBXGroup section */
		1A42804E64B7E9E0AB8B6799 /* Frameworks */ = {
			isa = PBXGroup;
			children = (
				6BF941242075063200D40319 /* libReact.a */,
				C4A88D15726AD99E8A257BC7 /* libPods-scp-client.a */,
			);
			name = Frameworks;
			sourceTree = "<group>";
		};
		5B29BC350A332C58878A9F13 /* Pods */ = {
			isa = PBXGroup;
			children = (
				2C1548D9E4CB1AEFA5CCAE6D /* Pods-scp-client.debug.xcconfig */,
				A47FE4D7F70906B7DC8CE39B /* Pods-scp-client.release.xcconfig */,
			);
			name = Pods;
			sourceTree = "<group>";
		};
		5F39757DC5AA4FF58F6265EB /* Libraries */ = {
			isa = PBXGroup;
			children = (
				E824668F4CDA4107B4DB4466 /* RNVectorIcons.xcodeproj */,
				7AE69A83263F4C1F90E6CECE /* RNSSH.xcodeproj */,
			);
			name = Libraries;
			sourceTree = "<group>";
		};
		6BF9410D207504D100D40319 /* Recovered References */ = {
			isa = PBXGroup;
			children = (
				8C3C2B37EE83445A924AAC56 /* libRNVectorIcons.a */,
				875AC13E3CDC4D43AEC88F01 /* libRNSSH.a */,
			);
			name = "Recovered References";
			sourceTree = "<group>";
		};
		6BF941292075078A00D40319 /* Products */ = {
			isa = PBXGroup;
			children = (
				6BF941322075078A00D40319 /* libRNVectorIcons.a */,
			);
			name = Products;
			sourceTree = "<group>";
		};
		6BF9412B2075078A00D40319 /* Products */ = {
			isa = PBXGroup;
			children = (
				6BF9412F2075078A00D40319 /* libRNSSH.a */,
			);
			name = Products;
			sourceTree = "<group>";
		};
		B56386381DB9693800A0598C = {
			isa = PBXGroup;
			children = (
				B56386431DB9693800A0598C /* scp-client */,
				B56386421DB9693800A0598C /* Products */,
				5B29BC350A332C58878A9F13 /* Pods */,
				1A42804E64B7E9E0AB8B6799 /* Frameworks */,
				5F39757DC5AA4FF58F6265EB /* Libraries */,
				6BF9410D207504D100D40319 /* Recovered References */,
			);
			sourceTree = "<group>";
		};
		B56386421DB9693800A0598C /* Products */ = {
			isa = PBXGroup;
			children = (
				B56386411DB9693800A0598C /* scp-client.app */,
			);
			name = Products;
			sourceTree = "<group>";
		};
		B56386431DB9693800A0598C /* scp-client */ = {
			isa = PBXGroup;
			children = (
				B56386471DB9693800A0598C /* AppDelegate.h */,
				B56386481DB9693800A0598C /* AppDelegate.m */,
				B56386501DB9693800A0598C /* Assets.xcassets */,
				B563865B1DB96A5E00A0598C /* Supporting */,
			);
			path = "scp-client";
			sourceTree = "<group>";
		};
		B563865B1DB96A5E00A0598C /* Supporting */ = {
			isa = PBXGroup;
			children = (
				B5693E8F1FABD46800307FA4 /* launch_background_image.png */,
				B5693E901FABD46800307FA4 /* launch_icon.png */,
				B5693E8D1FABD16A00307FA4 /* LaunchScreen.xib */,
				B5DB047E1F3A684600E91581 /* shell-app-manifest.json */,
				B5DB047F1F3A684600E91581 /* shell-app.bundle */,
				B5CFBF4E1EDE419400B4BE24 /* EXBuildConstants.plist */,
				B501732A1DC01252003445D9 /* EXShell.plist */,
				B56386661DB9994300A0598C /* EXSDKVersions.plist */,
				B563865C1DB96A5E00A0598C /* Info.plist */,
				B563865E1DB96A5E00A0598C /* main.m */,
			);
			path = Supporting;
			sourceTree = "<group>";
		};
/* End PBXGroup section */

/* Begin PBXNativeTarget section */
		B56386401DB9693800A0598C /* scp-client */ = {
			isa = PBXNativeTarget;
			buildConfigurationList = B56386581DB9693800A0598C /* Build configuration list for PBXNativeTarget "scp-client" */;
			buildPhases = (
				23539343DCC44EF8449429EE /* [CP] Check Pods Manifest.lock */,
				B5722AD01DFB7E3F0084848F /* Prepare Expo */,
				B563863D1DB9693800A0598C /* Sources */,
				B563863E1DB9693800A0598C /* Frameworks */,
				B563863F1DB9693800A0598C /* Resources */,
				8D34C7FE3D99F20E5EA1B18A /* [CP] Embed Pods Frameworks */,
				AA38385B7D8D0854176B72FC /* [CP] Copy Pods Resources */,
			);
			buildRules = (
			);
			dependencies = (
			);
			name = "scp-client";
			productName = "scp-client";
			productReference = B56386411DB9693800A0598C /* scp-client.app */;
			productType = "com.apple.product-type.application";
		};
/* End PBXNativeTarget section */

/* Begin PBXProject section */
		B56386391DB9693800A0598C /* Project object */ = {
			isa = PBXProject;
			attributes = {
				LastUpgradeCheck = 900;
				ORGANIZATIONNAME = "650 Industries, Inc.";
				TargetAttributes = {
					B56386401DB9693800A0598C = {
						CreatedOnToolsVersion = 8.0;
						DevelopmentTeam = CSZ8NC7U7R;
						ProvisioningStyle = Automatic;
					};
				};
			};
			buildConfigurationList = B563863C1DB9693800A0598C /* Build configuration list for PBXProject "scp-client" */;
			compatibilityVersion = "Xcode 3.2";
			developmentRegion = English;
			hasScannedForEncodings = 0;
			knownRegions = (
				en,
				Base,
			);
			mainGroup = B56386381DB9693800A0598C;
			productRefGroup = B56386421DB9693800A0598C /* Products */;
			projectDirPath = "";
			projectReferences = (
				{
					ProductGroup = 6BF9412B2075078A00D40319 /* Products */;
					ProjectRef = 7AE69A83263F4C1F90E6CECE /* RNSSH.xcodeproj */;
				},
				{
					ProductGroup = 6BF941292075078A00D40319 /* Products */;
					ProjectRef = E824668F4CDA4107B4DB4466 /* RNVectorIcons.xcodeproj */;
				},
			);
			projectRoot = "";
			targets = (
				B56386401DB9693800A0598C /* scp-client */,
			);
		};
/* End PBXProject section */

/* Begin PBXReferenceProxy section */
		6BF9412F2075078A00D40319 /* libRNSSH.a */ = {
			isa = PBXReferenceProxy;
			fileType = archive.ar;
			path = libRNSSH.a;
			remoteRef = 6BF9412E2075078A00D40319 /* PBXContainerItemProxy */;
			sourceTree = BUILT_PRODUCTS_DIR;
		};
		6BF941322075078A00D40319 /* libRNVectorIcons.a */ = {
			isa = PBXReferenceProxy;
			fileType = archive.ar;
			path = libRNVectorIcons.a;
			remoteRef = 6BF941312075078A00D40319 /* PBXContainerItemProxy */;
			sourceTree = BUILT_PRODUCTS_DIR;
		};
/* End PBXReferenceProxy section */

/* Begin PBXResourcesBuildPhase section */
		B563863F1DB9693800A0598C /* Resources */ = {
			isa = PBXResourcesBuildPhase;
			buildActionMask = 2147483647;
			files = (
				B5693E911FABD46800307FA4 /* launch_background_image.png in Resources */,
				B501732B1DC01252003445D9 /* EXShell.plist in Resources */,
				B5CFBF4F1EDE419400B4BE24 /* EXBuildConstants.plist in Resources */,
				B56386671DB9994300A0598C /* EXSDKVersions.plist in Resources */,
				B5693E921FABD46800307FA4 /* launch_icon.png in Resources */,
				B5693E8E1FABD16A00307FA4 /* LaunchScreen.xib in Resources */,
				B5DB04801F3A684600E91581 /* shell-app-manifest.json in Resources */,
				B5DB04811F3A684600E91581 /* shell-app.bundle in Resources */,
				B56386511DB9693800A0598C /* Assets.xcassets in Resources */,
			);
			runOnlyForDeploymentPostprocessing = 0;
		};
/* End PBXResourcesBuildPhase section */

/* Begin PBXShellScriptBuildPhase section */
		23539343DCC44EF8449429EE /* [CP] Check Pods Manifest.lock */ = {
			isa = PBXShellScriptBuildPhase;
			buildActionMask = 2147483647;
			files = (
			);
			inputPaths = (
				"${PODS_PODFILE_DIR_PATH}/Podfile.lock",
				"${PODS_ROOT}/Manifest.lock",
			);
			name = "[CP] Check Pods Manifest.lock";
			outputPaths = (
				"$(DERIVED_FILE_DIR)/Pods-scp-client-checkManifestLockResult.txt",
			);
			runOnlyForDeploymentPostprocessing = 0;
			shellPath = /bin/sh;
			shellScript = "diff \"${PODS_PODFILE_DIR_PATH}/Podfile.lock\" \"${PODS_ROOT}/Manifest.lock\" > /dev/null\nif [ $? != 0 ] ; then\n    # print error to STDERR\n    echo \"error: The sandbox is not in sync with the Podfile.lock. Run 'pod install' or update your CocoaPods installation.\" >&2\n    exit 1\nfi\n# This output is used by Xcode 'outputs' to avoid re-running this script phase.\necho \"SUCCESS\" > \"${SCRIPT_OUTPUT_FILE_0}\"\n";
			showEnvVarsInLog = 0;
		};
		8D34C7FE3D99F20E5EA1B18A /* [CP] Embed Pods Frameworks */ = {
			isa = PBXShellScriptBuildPhase;
			buildActionMask = 2147483647;
			files = (
			);
			inputPaths = (
			);
			name = "[CP] Embed Pods Frameworks";
			outputPaths = (
			);
			runOnlyForDeploymentPostprocessing = 0;
			shellPath = /bin/sh;
			shellScript = "\"${SRCROOT}/Pods/Target Support Files/Pods-scp-client/Pods-scp-client-frameworks.sh\"\n";
			showEnvVarsInLog = 0;
		};
		AA38385B7D8D0854176B72FC /* [CP] Copy Pods Resources */ = {
			isa = PBXShellScriptBuildPhase;
			buildActionMask = 2147483647;
			files = (
			);
			inputPaths = (
				"${SRCROOT}/Pods/Target Support Files/Pods-scp-client/Pods-scp-client-resources.sh",
				"${PODS_ROOT}/Amplitude-iOS/Amplitude/api.amplitude.com.der",
				"${PODS_ROOT}/Amplitude-iOS/Amplitude/ComodoCaLimitedRsaCertificationAuthority.der",
				"${PODS_ROOT}/Amplitude-iOS/Amplitude/ComodoRsaCA.der",
				"${PODS_ROOT}/Amplitude-iOS/Amplitude/ComodoRsaDomainValidationCA.der",
				"${PODS_ROOT}/FBSDKCoreKit/FacebookSDKStrings.bundle",
				"${PODS_ROOT}/GPUImage/framework/Resources/lookup.png",
				"${PODS_ROOT}/GPUImage/framework/Resources/lookup_amatorka.png",
				"${PODS_ROOT}/GPUImage/framework/Resources/lookup_miss_etikate.png",
				"${PODS_ROOT}/GPUImage/framework/Resources/lookup_soft_elegance_1.png",
				"${PODS_ROOT}/GPUImage/framework/Resources/lookup_soft_elegance_2.png",
				"${PODS_ROOT}/GoogleAuthUtilities/Frameworks/frameworks/GoogleAuthUtilities.framework/Resources/GTMOAuth2ViewTouch.xib",
				"${PODS_ROOT}/GoogleMaps/Maps/Frameworks/GoogleMaps.framework/Versions/A/Resources/GoogleMaps.bundle",
				"${PODS_ROOT}/GoogleSignIn/Resources/GoogleSignIn.bundle",
			);
			name = "[CP] Copy Pods Resources";
			outputPaths = (
				"${TARGET_BUILD_DIR}/${UNLOCALIZED_RESOURCES_FOLDER_PATH}/api.amplitude.com.der",
				"${TARGET_BUILD_DIR}/${UNLOCALIZED_RESOURCES_FOLDER_PATH}/ComodoCaLimitedRsaCertificationAuthority.der",
				"${TARGET_BUILD_DIR}/${UNLOCALIZED_RESOURCES_FOLDER_PATH}/ComodoRsaCA.der",
				"${TARGET_BUILD_DIR}/${UNLOCALIZED_RESOURCES_FOLDER_PATH}/ComodoRsaDomainValidationCA.der",
				"${TARGET_BUILD_DIR}/${UNLOCALIZED_RESOURCES_FOLDER_PATH}/FacebookSDKStrings.bundle",
				"${TARGET_BUILD_DIR}/${UNLOCALIZED_RESOURCES_FOLDER_PATH}/lookup.png",
				"${TARGET_BUILD_DIR}/${UNLOCALIZED_RESOURCES_FOLDER_PATH}/lookup_amatorka.png",
				"${TARGET_BUILD_DIR}/${UNLOCALIZED_RESOURCES_FOLDER_PATH}/lookup_miss_etikate.png",
				"${TARGET_BUILD_DIR}/${UNLOCALIZED_RESOURCES_FOLDER_PATH}/lookup_soft_elegance_1.png",
				"${TARGET_BUILD_DIR}/${UNLOCALIZED_RESOURCES_FOLDER_PATH}/lookup_soft_elegance_2.png",
				"${TARGET_BUILD_DIR}/${UNLOCALIZED_RESOURCES_FOLDER_PATH}/GTMOAuth2ViewTouch.nib",
				"${TARGET_BUILD_DIR}/${UNLOCALIZED_RESOURCES_FOLDER_PATH}/GoogleMaps.bundle",
				"${TARGET_BUILD_DIR}/${UNLOCALIZED_RESOURCES_FOLDER_PATH}/GoogleSignIn.bundle",
			);
			runOnlyForDeploymentPostprocessing = 0;
			shellPath = /bin/sh;
			shellScript = "\"${SRCROOT}/Pods/Target Support Files/Pods-scp-client/Pods-scp-client-resources.sh\"\n";
			showEnvVarsInLog = 0;
		};
		B5722AD01DFB7E3F0084848F /* Prepare Expo */ = {
			isa = PBXShellScriptBuildPhase;
			buildActionMask = 2147483647;
			files = (
			);
			inputPaths = (
			);
			name = "Prepare Expo";
			outputPaths = (
			);
			runOnlyForDeploymentPostprocessing = 0;
			shellPath = /bin/bash;
			shellScript = "set -eo pipefail\n\npushd ${SRCROOT}/..\nvalue=$(cat ~/.expo/PATH)\nPATH=\"$PATH:$value\" exp prepare-detached-build --platform ios\npopd\n";
		};
/* End PBXShellScriptBuildPhase section */

/* Begin PBXSourcesBuildPhase section */
		B563863D1DB9693800A0598C /* Sources */ = {
			isa = PBXSourcesBuildPhase;
			buildActionMask = 2147483647;
			files = (
				B56386611DB96A5E00A0598C /* main.m in Sources */,
				B56386491DB9693800A0598C /* AppDelegate.m in Sources */,
			);
			runOnlyForDeploymentPostprocessing = 0;
		};
/* End PBXSourcesBuildPhase section */

/* Begin XCBuildConfiguration section */
		B56386561DB9693800A0598C /* Debug */ = {
			isa = XCBuildConfiguration;
			buildSettings = {
				ALWAYS_SEARCH_USER_PATHS = NO;
				CLANG_ANALYZER_NONNULL = YES;
				CLANG_CXX_LANGUAGE_STANDARD = "gnu++0x";
				CLANG_CXX_LIBRARY = "libc++";
				CLANG_ENABLE_MODULES = YES;
				CLANG_ENABLE_OBJC_ARC = YES;
				CLANG_WARN_BLOCK_CAPTURE_AUTORELEASING = YES;
				CLANG_WARN_BOOL_CONVERSION = YES;
				CLANG_WARN_COMMA = YES;
				CLANG_WARN_CONSTANT_CONVERSION = YES;
				CLANG_WARN_DIRECT_OBJC_ISA_USAGE = YES_ERROR;
				CLANG_WARN_DOCUMENTATION_COMMENTS = YES;
				CLANG_WARN_EMPTY_BODY = YES;
				CLANG_WARN_ENUM_CONVERSION = YES;
				CLANG_WARN_INFINITE_RECURSION = YES;
				CLANG_WARN_INT_CONVERSION = YES;
				CLANG_WARN_NON_LITERAL_NULL_CONVERSION = YES;
				CLANG_WARN_OBJC_LITERAL_CONVERSION = YES;
				CLANG_WARN_OBJC_ROOT_CLASS = YES_ERROR;
				CLANG_WARN_RANGE_LOOP_ANALYSIS = YES;
				CLANG_WARN_STRICT_PROTOTYPES = YES;
				CLANG_WARN_SUSPICIOUS_MOVE = YES;
				CLANG_WARN_SUSPICIOUS_MOVES = YES;
				CLANG_WARN_UNREACHABLE_CODE = YES;
				CLANG_WARN__DUPLICATE_METHOD_MATCH = YES;
				"CODE_SIGN_IDENTITY[sdk=iphoneos*]" = "iPhone Developer";
				COPY_PHASE_STRIP = NO;
				DEBUG_INFORMATION_FORMAT = dwarf;
				ENABLE_STRICT_OBJC_MSGSEND = YES;
				ENABLE_TESTABILITY = YES;
				GCC_C_LANGUAGE_STANDARD = gnu99;
				GCC_DYNAMIC_NO_PIC = NO;
				GCC_NO_COMMON_BLOCKS = YES;
				GCC_OPTIMIZATION_LEVEL = 0;
				GCC_PREPROCESSOR_DEFINITIONS = (
					"DEBUG=1",
					"$(inherited)",
				);
				GCC_WARN_64_TO_32_BIT_CONVERSION = YES;
				GCC_WARN_ABOUT_RETURN_TYPE = YES_ERROR;
				GCC_WARN_UNDECLARED_SELECTOR = YES;
				GCC_WARN_UNINITIALIZED_AUTOS = YES_AGGRESSIVE;
				GCC_WARN_UNUSED_FUNCTION = YES;
				GCC_WARN_UNUSED_VARIABLE = YES;
				IPHONEOS_DEPLOYMENT_TARGET = 9.0;
				MTL_ENABLE_DEBUG_INFO = YES;
				ONLY_ACTIVE_ARCH = YES;
				SDKROOT = iphoneos;
			};
			name = Debug;
		};
		B56386571DB9693800A0598C /* Release */ = {
			isa = XCBuildConfiguration;
			buildSettings = {
				ALWAYS_SEARCH_USER_PATHS = NO;
				CLANG_ANALYZER_NONNULL = YES;
				CLANG_CXX_LANGUAGE_STANDARD = "gnu++0x";
				CLANG_CXX_LIBRARY = "libc++";
				CLANG_ENABLE_MODULES = YES;
				CLANG_ENABLE_OBJC_ARC = YES;
				CLANG_WARN_BLOCK_CAPTURE_AUTORELEASING = YES;
				CLANG_WARN_BOOL_CONVERSION = YES;
				CLANG_WARN_COMMA = YES;
				CLANG_WARN_CONSTANT_CONVERSION = YES;
				CLANG_WARN_DIRECT_OBJC_ISA_USAGE = YES_ERROR;
				CLANG_WARN_DOCUMENTATION_COMMENTS = YES;
				CLANG_WARN_EMPTY_BODY = YES;
				CLANG_WARN_ENUM_CONVERSION = YES;
				CLANG_WARN_INFINITE_RECURSION = YES;
				CLANG_WARN_INT_CONVERSION = YES;
				CLANG_WARN_NON_LITERAL_NULL_CONVERSION = YES;
				CLANG_WARN_OBJC_LITERAL_CONVERSION = YES;
				CLANG_WARN_OBJC_ROOT_CLASS = YES_ERROR;
				CLANG_WARN_RANGE_LOOP_ANALYSIS = YES;
				CLANG_WARN_STRICT_PROTOTYPES = YES;
				CLANG_WARN_SUSPICIOUS_MOVE = YES;
				CLANG_WARN_SUSPICIOUS_MOVES = YES;
				CLANG_WARN_UNREACHABLE_CODE = YES;
				CLANG_WARN__DUPLICATE_METHOD_MATCH = YES;
				"CODE_SIGN_IDENTITY[sdk=iphoneos*]" = "iPhone Developer";
				COPY_PHASE_STRIP = NO;
				DEBUG_INFORMATION_FORMAT = "dwarf-with-dsym";
				ENABLE_NS_ASSERTIONS = NO;
				ENABLE_STRICT_OBJC_MSGSEND = YES;
				GCC_C_LANGUAGE_STANDARD = gnu99;
				GCC_NO_COMMON_BLOCKS = YES;
				GCC_WARN_64_TO_32_BIT_CONVERSION = YES;
				GCC_WARN_ABOUT_RETURN_TYPE = YES_ERROR;
				GCC_WARN_UNDECLARED_SELECTOR = YES;
				GCC_WARN_UNINITIALIZED_AUTOS = YES_AGGRESSIVE;
				GCC_WARN_UNUSED_FUNCTION = YES;
				GCC_WARN_UNUSED_VARIABLE = YES;
				IPHONEOS_DEPLOYMENT_TARGET = 9.0;
				MTL_ENABLE_DEBUG_INFO = NO;
				SDKROOT = iphoneos;
				VALIDATE_PRODUCT = YES;
			};
			name = Release;
		};
		B56386591DB9693800A0598C /* Debug */ = {
			isa = XCBuildConfiguration;
			baseConfigurationReference = 2C1548D9E4CB1AEFA5CCAE6D /* Pods-scp-client.debug.xcconfig */;
			buildSettings = {
				ASSETCATALOG_COMPILER_APPICON_NAME = AppIcon;
				DEVELOPMENT_TEAM = CSZ8NC7U7R;
				HEADER_SEARCH_PATHS = (
					"$(inherited)",
					"\"${PODS_ROOT}/Headers/Public\"",
					"\"${PODS_ROOT}/Headers/Public/Amplitude-iOS\"",
					"\"${PODS_ROOT}/Headers/Public/Analytics\"",
					"\"${PODS_ROOT}/Headers/Public/AppAuth\"",
					"\"${PODS_ROOT}/Headers/Public/Bolts\"",
					"\"${PODS_ROOT}/Headers/Public/Branch\"",
					"\"${PODS_ROOT}/Headers/Public/CocoaLumberjack\"",
					"\"${PODS_ROOT}/Headers/Public/Crashlytics\"",
					"\"${PODS_ROOT}/Headers/Public/DoubleConversion\"",
					"\"${PODS_ROOT}/Headers/Public/ExpoKit\"",
					"\"${PODS_ROOT}/Headers/Public/FBAudienceNetwork\"",
					"\"${PODS_ROOT}/Headers/Public/FBSDKCoreKit\"",
					"\"${PODS_ROOT}/Headers/Public/FBSDKLoginKit\"",
					"\"${PODS_ROOT}/Headers/Public/FBSDKShareKit\"",
					"\"${PODS_ROOT}/Headers/Public/Fabric\"",
					"\"${PODS_ROOT}/Headers/Public/Folly\"",
					"\"${PODS_ROOT}/Headers/Public/GPUImage\"",
					"\"${PODS_ROOT}/Headers/Public/Google-Mobile-Ads-SDK\"",
					"\"${PODS_ROOT}/Headers/Public/GoogleAppUtilities\"",
					"\"${PODS_ROOT}/Headers/Public/GoogleAuthUtilities\"",
					"\"${PODS_ROOT}/Headers/Public/GoogleMaps\"",
					"\"${PODS_ROOT}/Headers/Public/GoogleNetworkingUtilities\"",
					"\"${PODS_ROOT}/Headers/Public/GoogleSignIn\"",
					"\"${PODS_ROOT}/Headers/Public/GoogleSymbolUtilities\"",
					"\"${PODS_ROOT}/Headers/Public/GoogleUtilities\"",
					"\"${PODS_ROOT}/Headers/Public/JKBigInteger2\"",
					"\"${PODS_ROOT}/Headers/Public/NMSSH\"",
					"\"${PODS_ROOT}/Headers/Public/React\"",
					"\"${PODS_ROOT}/Headers/Public/boost-for-react-native\"",
					"\"${PODS_ROOT}/Headers/Public/glog\"",
					"\"${PODS_ROOT}/Headers/Public/lottie-ios\"",
					"\"${PODS_ROOT}/Headers/Public/yoga\"",
					"$(SRCROOT)/../../../ios/Pods/Headers/Public/**",
				);
				INFOPLIST_FILE = "$(SRCROOT)/scp-client/Supporting/Info.plist";
				LD_RUNPATH_SEARCH_PATHS = "$(inherited) @executable_path/Frameworks";
				LIBRARY_SEARCH_PATHS = (
					"$(inherited)",
					"\"$(SRCROOT)/$(TARGET_NAME)\"",
					"\"$(SRCROOT)/$(TARGET_NAME)\"",
				);
				PRODUCT_BUNDLE_IDENTIFIER = "com.picktek.scp-client";
				PRODUCT_NAME = "$(TARGET_NAME)";
				TARGETED_DEVICE_FAMILY = "1,2";
				USER_HEADER_SEARCH_PATHS = "$(SRCROOT)/../../../ios/Pods/Headers/Public/**/**";
			};
			name = Debug;
		};
		B563865A1DB9693800A0598C /* Release */ = {
			isa = XCBuildConfiguration;
			baseConfigurationReference = A47FE4D7F70906B7DC8CE39B /* Pods-scp-client.release.xcconfig */;
			buildSettings = {
				ASSETCATALOG_COMPILER_APPICON_NAME = AppIcon;
				DEVELOPMENT_TEAM = CSZ8NC7U7R;
				HEADER_SEARCH_PATHS = (
					"$(inherited)",
					"\"${PODS_ROOT}/Headers/Public\"",
					"\"${PODS_ROOT}/Headers/Public/Amplitude-iOS\"",
					"\"${PODS_ROOT}/Headers/Public/Analytics\"",
					"\"${PODS_ROOT}/Headers/Public/AppAuth\"",
					"\"${PODS_ROOT}/Headers/Public/Bolts\"",
					"\"${PODS_ROOT}/Headers/Public/Branch\"",
					"\"${PODS_ROOT}/Headers/Public/CocoaLumberjack\"",
					"\"${PODS_ROOT}/Headers/Public/Crashlytics\"",
					"\"${PODS_ROOT}/Headers/Public/DoubleConversion\"",
					"\"${PODS_ROOT}/Headers/Public/ExpoKit\"",
					"\"${PODS_ROOT}/Headers/Public/FBAudienceNetwork\"",
					"\"${PODS_ROOT}/Headers/Public/FBSDKCoreKit\"",
					"\"${PODS_ROOT}/Headers/Public/FBSDKLoginKit\"",
					"\"${PODS_ROOT}/Headers/Public/FBSDKShareKit\"",
					"\"${PODS_ROOT}/Headers/Public/Fabric\"",
					"\"${PODS_ROOT}/Headers/Public/Folly\"",
					"\"${PODS_ROOT}/Headers/Public/GPUImage\"",
					"\"${PODS_ROOT}/Headers/Public/Google-Mobile-Ads-SDK\"",
					"\"${PODS_ROOT}/Headers/Public/GoogleAppUtilities\"",
					"\"${PODS_ROOT}/Headers/Public/GoogleAuthUtilities\"",
					"\"${PODS_ROOT}/Headers/Public/GoogleMaps\"",
					"\"${PODS_ROOT}/Headers/Public/GoogleNetworkingUtilities\"",
					"\"${PODS_ROOT}/Headers/Public/GoogleSignIn\"",
					"\"${PODS_ROOT}/Headers/Public/GoogleSymbolUtilities\"",
					"\"${PODS_ROOT}/Headers/Public/GoogleUtilities\"",
					"\"${PODS_ROOT}/Headers/Public/JKBigInteger2\"",
					"\"${PODS_ROOT}/Headers/Public/NMSSH\"",
					"\"${PODS_ROOT}/Headers/Public/React\"",
					"\"${PODS_ROOT}/Headers/Public/boost-for-react-native\"",
					"\"${PODS_ROOT}/Headers/Public/glog\"",
					"\"${PODS_ROOT}/Headers/Public/lottie-ios\"",
					"\"${PODS_ROOT}/Headers/Public/yoga\"",
					"$(SRCROOT)/../../../ios/Pods/Headers/Public/**",
				);
				INFOPLIST_FILE = "$(SRCROOT)/scp-client/Supporting/Info.plist";
				LD_RUNPATH_SEARCH_PATHS = "$(inherited) @executable_path/Frameworks";
				LIBRARY_SEARCH_PATHS = (
					"$(inherited)",
					"\"$(SRCROOT)/$(TARGET_NAME)\"",
					"\"$(SRCROOT)/$(TARGET_NAME)\"",
				);
				PRODUCT_BUNDLE_IDENTIFIER = "com.picktek.scp-client";
				PRODUCT_NAME = "$(TARGET_NAME)";
				TARGETED_DEVICE_FAMILY = "1,2";
				USER_HEADER_SEARCH_PATHS = "$(SRCROOT)/../../../ios/Pods/Headers/Public/**/**";
			};
			name = Release;
		};
/* End XCBuildConfiguration section */

/* Begin XCConfigurationList section */
		B563863C1DB9693800A0598C /* Build configuration list for PBXProject "scp-client" */ = {
			isa = XCConfigurationList;
			buildConfigurations = (
				B56386561DB9693800A0598C /* Debug */,
				B56386571DB9693800A0598C /* Release */,
			);
			defaultConfigurationIsVisible = 0;
			defaultConfigurationName = Release;
		};
		B56386581DB9693800A0598C /* Build configuration list for PBXNativeTarget "scp-client" */ = {
			isa = XCConfigurationList;
			buildConfigurations = (
				B56386591DB9693800A0598C /* Debug */,
				B563865A1DB9693800A0598C /* Release */,
			);
			defaultConfigurationIsVisible = 0;
			defaultConfigurationName = Release;
		};
/* End XCConfigurationList section */
	};
	rootObject = B56386391DB9693800A0598C /* Project object */;
}
