// !$*UTF8*$!
{
	archiveVersion = 1;
	classes = {
	};
	objectVersion = 50;
	objects = {

/* Begin PBXBuildFile section */
		0B414CCB222AC4CD00E392C2 /* SSHServer_legacy.swift in Sources */ = {isa = PBXBuildFile; fileRef = 0B414CC6222AC4CC00E392C2 /* SSHServer_legacy.swift */; };
		0B4D325C222A68E000C0A8A5 /* GenericPasswordRow.framework in Frameworks */ = {isa = PBXBuildFile; fileRef = 0B4D3257222A68D100C0A8A5 /* GenericPasswordRow.framework */; };
		0B4D325D222A68E000C0A8A5 /* GenericPasswordRow.framework in Embed Frameworks */ = {isa = PBXBuildFile; fileRef = 0B4D3257222A68D100C0A8A5 /* GenericPasswordRow.framework */; settings = {ATTRIBUTES = (CodeSignOnCopy, RemoveHeadersOnCopy, ); }; };
		6B24E8F820777084005B33A5 /* NMSSH.framework in Frameworks */ = {isa = PBXBuildFile; fileRef = 6B24E8F72077707F005B33A5 /* NMSSH.framework */; };
		6B24E8F920777084005B33A5 /* NMSSH.framework in Embed Frameworks */ = {isa = PBXBuildFile; fileRef = 6B24E8F72077707F005B33A5 /* NMSSH.framework */; settings = {ATTRIBUTES = (CodeSignOnCopy, RemoveHeadersOnCopy, ); }; };
		6B24E90C20778093005B33A5 /* Icofont.ttf in Resources */ = {isa = PBXBuildFile; fileRef = 6B24E90020778093005B33A5 /* Icofont.ttf */; };
		6B24E90D20778093005B33A5 /* MapIcons.ttf in Resources */ = {isa = PBXBuildFile; fileRef = 6B24E90120778093005B33A5 /* MapIcons.ttf */; };
		6B24E90E20778093005B33A5 /* Dripicons.ttf in Resources */ = {isa = PBXBuildFile; fileRef = 6B24E90220778093005B33A5 /* Dripicons.ttf */; };
		6B24E90F20778093005B33A5 /* OpenIconic.ttf in Resources */ = {isa = PBXBuildFile; fileRef = 6B24E90320778093005B33A5 /* OpenIconic.ttf */; };
		6B24E91020778093005B33A5 /* WeatherIcons.ttf in Resources */ = {isa = PBXBuildFile; fileRef = 6B24E90420778093005B33A5 /* WeatherIcons.ttf */; };
		6B24E91120778093005B33A5 /* Ionicons.ttf in Resources */ = {isa = PBXBuildFile; fileRef = 6B24E90520778093005B33A5 /* Ionicons.ttf */; };
		6B24E91220778093005B33A5 /* FontAwesome.ttf in Resources */ = {isa = PBXBuildFile; fileRef = 6B24E90620778093005B33A5 /* FontAwesome.ttf */; };
		6B24E91320778093005B33A5 /* Stateface.ttf in Resources */ = {isa = PBXBuildFile; fileRef = 6B24E90720778093005B33A5 /* Stateface.ttf */; };
		6B24E91420778093005B33A5 /* Linearicons.ttf in Resources */ = {isa = PBXBuildFile; fileRef = 6B24E90820778093005B33A5 /* Linearicons.ttf */; };
		6B24E91520778093005B33A5 /* SwiftIcons.swift in Sources */ = {isa = PBXBuildFile; fileRef = 6B24E90920778093005B33A5 /* SwiftIcons.swift */; };
		6B24E91620778093005B33A5 /* Emoji.ttf in Resources */ = {isa = PBXBuildFile; fileRef = 6B24E90A20778093005B33A5 /* Emoji.ttf */; };
		6B24E91720778093005B33A5 /* MaterialIcons.ttf in Resources */ = {isa = PBXBuildFile; fileRef = 6B24E90B20778093005B33A5 /* MaterialIcons.ttf */; };
		6B304230222D3DAE0032100F /* EditorController.swift in Sources */ = {isa = PBXBuildFile; fileRef = 6B30422B222D3DAE0032100F /* EditorController.swift */; };
		6B304238222D493C0032100F /* FileProviderExtension.swift in Sources */ = {isa = PBXBuildFile; fileRef = 6B304237222D493C0032100F /* FileProviderExtension.swift */; };
		6B30423A222D493C0032100F /* FileProviderItem.swift in Sources */ = {isa = PBXBuildFile; fileRef = 6B304239222D493C0032100F /* FileProviderItem.swift */; };
		6B30423C222D493C0032100F /* FileProviderEnumerator.swift in Sources */ = {isa = PBXBuildFile; fileRef = 6B30423B222D493C0032100F /* FileProviderEnumerator.swift */; };
		6B304246222D493C0032100F /* DocumentActionViewController.swift in Sources */ = {isa = PBXBuildFile; fileRef = 6B304245222D493C0032100F /* DocumentActionViewController.swift */; };
		6B304249222D493C0032100F /* MainInterface.storyboard in Resources */ = {isa = PBXBuildFile; fileRef = 6B304247222D493C0032100F /* MainInterface.storyboard */; };
		6BC17E5920774D6300E2A999 /* AppDelegate.swift in Sources */ = {isa = PBXBuildFile; fileRef = 6BC17E5820774D6300E2A999 /* AppDelegate.swift */; };
		6BC17E5B20774D6300E2A999 /* MasterViewController.swift in Sources */ = {isa = PBXBuildFile; fileRef = 6BC17E5A20774D6300E2A999 /* MasterViewController.swift */; };
		6BC17E5D20774D6300E2A999 /* DetailViewController.swift in Sources */ = {isa = PBXBuildFile; fileRef = 6BC17E5C20774D6300E2A999 /* DetailViewController.swift */; };
		6BC17E6020774D6300E2A999 /* Main.storyboard in Resources */ = {isa = PBXBuildFile; fileRef = 6BC17E5E20774D6300E2A999 /* Main.storyboard */; };
		6BC17E6220774D6300E2A999 /* Assets.xcassets in Resources */ = {isa = PBXBuildFile; fileRef = 6BC17E6120774D6300E2A999 /* Assets.xcassets */; };
		6BC17E6520774D6300E2A999 /* LaunchScreen.storyboard in Resources */ = {isa = PBXBuildFile; fileRef = 6BC17E6320774D6300E2A999 /* LaunchScreen.storyboard */; };
		6BC17E702077519C00E2A999 /* Keychain.swift in Sources */ = {isa = PBXBuildFile; fileRef = 6BC17E6F2077519C00E2A999 /* Keychain.swift */; };
		6BC17E7A2077602000E2A999 /* Eureka.framework in Frameworks */ = {isa = PBXBuildFile; fileRef = 6BC17E7720775FF100E2A999 /* Eureka.framework */; };
		6BC17E7B2077602000E2A999 /* Eureka.framework in Embed Frameworks */ = {isa = PBXBuildFile; fileRef = 6BC17E7720775FF100E2A999 /* Eureka.framework */; settings = {ATTRIBUTES = (CodeSignOnCopy, RemoveHeadersOnCopy, ); }; };
		6BC17E802077605300E2A999 /* AddServerViewController.swift in Sources */ = {isa = PBXBuildFile; fileRef = 6BC17E7F2077605300E2A999 /* AddServerViewController.swift */; };
		6BC17E83207766C400E2A999 /* SSHServer.swift in Sources */ = {isa = PBXBuildFile; fileRef = 6BC17E82207766C400E2A999 /* SSHServer.swift */; };
		6BC17E8920776B8E00E2A999 /* SSHServerTableViewController.swift in Sources */ = {isa = PBXBuildFile; fileRef = 6BC17E8820776B8E00E2A999 /* SSHServerTableViewController.swift */; };
		6BEB47C0224E3DA3003FB71E /* SettingsViewController.swift in Sources */ = {isa = PBXBuildFile; fileRef = 6BEB47BF224E3DA3003FB71E /* SettingsViewController.swift */; };
		6BEB47E6224E485A003FB71E /* PasscodeLockConfiguration.swift in Sources */ = {isa = PBXBuildFile; fileRef = 6BEB47E5224E485A003FB71E /* PasscodeLockConfiguration.swift */; };
		6BEB47E8224E4912003FB71E /* UserDefaultsPasscodeRepository.swift in Sources */ = {isa = PBXBuildFile; fileRef = 6BEB47E7224E4912003FB71E /* UserDefaultsPasscodeRepository.swift */; };
		6BEB47EA224E4E56003FB71E /* CustomPasscodeLockPresenter.swift in Sources */ = {isa = PBXBuildFile; fileRef = 6BEB47E9224E4E56003FB71E /* CustomPasscodeLockPresenter.swift */; };
		6BEB47EC224E4E79003FB71E /* LockSplashView.swift in Sources */ = {isa = PBXBuildFile; fileRef = 6BEB47EB224E4E79003FB71E /* LockSplashView.swift */; };
		6BEB47F4224E503C003FB71E /* PasscodeLock.framework in Frameworks */ = {isa = PBXBuildFile; fileRef = 6BEB47F3224E4FFD003FB71E /* PasscodeLock.framework */; };
		6BEB47F5224E503C003FB71E /* PasscodeLock.framework in Embed Frameworks */ = {isa = PBXBuildFile; fileRef = 6BEB47F3224E4FFD003FB71E /* PasscodeLock.framework */; settings = {ATTRIBUTES = (CodeSignOnCopy, RemoveHeadersOnCopy, ); }; };
/* End PBXBuildFile section */

/* Begin PBXContainerItemProxy section */
		0B4D3256222A68D100C0A8A5 /* PBXContainerItemProxy */ = {
			isa = PBXContainerItemProxy;
			containerPortal = 0B4D3250222A68D100C0A8A5 /* GenericPasswordRow.xcodeproj */;
			proxyType = 2;
			remoteGlobalIDString = CFFC76AD1D7DFF29006C3E55;
			remoteInfo = GenericPasswordRow;
		};
		0B4D3258222A68D100C0A8A5 /* PBXContainerItemProxy */ = {
			isa = PBXContainerItemProxy;
			containerPortal = 0B4D3250222A68D100C0A8A5 /* GenericPasswordRow.xcodeproj */;
			proxyType = 2;
			remoteGlobalIDString = CFFC76B71D7DFF2A006C3E55;
			remoteInfo = GenericPasswordRowTests;
		};
		0B4D325E222A68E000C0A8A5 /* PBXContainerItemProxy */ = {
			isa = PBXContainerItemProxy;
			containerPortal = 0B4D3250222A68D100C0A8A5 /* GenericPasswordRow.xcodeproj */;
			proxyType = 1;
			remoteGlobalIDString = CFFC76AC1D7DFF29006C3E55;
			remoteInfo = GenericPasswordRow;
		};
		6B24E8F42077707F005B33A5 /* PBXContainerItemProxy */ = {
			isa = PBXContainerItemProxy;
			containerPortal = 6B24E8EE2077707F005B33A5 /* NMSSH-iOS.xcodeproj */;
			proxyType = 2;
			remoteGlobalIDString = 18A0964F17D6A8C4008B76FB;
			remoteInfo = "NMSSH Static";
		};
		6B24E8F62077707F005B33A5 /* PBXContainerItemProxy */ = {
			isa = PBXContainerItemProxy;
			containerPortal = 6B24E8EE2077707F005B33A5 /* NMSSH-iOS.xcodeproj */;
			proxyType = 2;
			remoteGlobalIDString = 186CC9581B69110500F674C4;
			remoteInfo = NMSSH;
		};
		6B24E8FA20777084005B33A5 /* PBXContainerItemProxy */ = {
			isa = PBXContainerItemProxy;
			containerPortal = 6B24E8EE2077707F005B33A5 /* NMSSH-iOS.xcodeproj */;
			proxyType = 1;
			remoteGlobalIDString = 186CC9571B69110500F674C4;
			remoteInfo = NMSSH;
		};
		6BC17E7620775FF100E2A999 /* PBXContainerItemProxy */ = {
			isa = PBXContainerItemProxy;
			containerPortal = 6BC17E7120775FF100E2A999 /* Eureka.xcodeproj */;
			proxyType = 2;
			remoteGlobalIDString = 51729DEB1B9A4F5E004A00EB;
			remoteInfo = Eureka;
		};
		6BC17E7820775FF100E2A999 /* PBXContainerItemProxy */ = {
			isa = PBXContainerItemProxy;
			containerPortal = 6BC17E7120775FF100E2A999 /* Eureka.xcodeproj */;
			proxyType = 2;
			remoteGlobalIDString = 51729DF51B9A4F5E004A00EB;
			remoteInfo = EurekaTests;
		};
		6BC17E7C2077602000E2A999 /* PBXContainerItemProxy */ = {
			isa = PBXContainerItemProxy;
			containerPortal = 6BC17E7120775FF100E2A999 /* Eureka.xcodeproj */;
			proxyType = 1;
			remoteGlobalIDString = 51729DEA1B9A4F5E004A00EB;
			remoteInfo = Eureka;
		};
		6BEB47F2224E4FFD003FB71E /* PBXContainerItemProxy */ = {
			isa = PBXContainerItemProxy;
			containerPortal = 6BEB47C4224E4700003FB71E /* PasscodeLock.xcodeproj */;
			proxyType = 2;
			remoteGlobalIDString = C99EAF3F1B90B05700D61E1B;
			remoteInfo = PasscodeLock;
		};
		6BEB47F6224E503C003FB71E /* PBXContainerItemProxy */ = {
			isa = PBXContainerItemProxy;
			containerPortal = 6BEB47C4224E4700003FB71E /* PasscodeLock.xcodeproj */;
			proxyType = 1;
			remoteGlobalIDString = C99EAF3E1B90B05700D61E1B;
			remoteInfo = PasscodeLock;
		};
/* End PBXContainerItemProxy section */

/* Begin PBXCopyFilesBuildPhase section */
		6BC17E7E2077602000E2A999 /* Embed Frameworks */ = {
			isa = PBXCopyFilesBuildPhase;
			buildActionMask = 2147483647;
			dstPath = "";
			dstSubfolderSpec = 10;
			files = (
				0B4D325D222A68E000C0A8A5 /* GenericPasswordRow.framework in Embed Frameworks */,
				6BEB47F5224E503C003FB71E /* PasscodeLock.framework in Embed Frameworks */,
				6B24E8F920777084005B33A5 /* NMSSH.framework in Embed Frameworks */,
				6BC17E7B2077602000E2A999 /* Eureka.framework in Embed Frameworks */,
			);
			name = "Embed Frameworks";
			runOnlyForDeploymentPostprocessing = 0;
		};
/* End PBXCopyFilesBuildPhase section */

/* Begin PBXFileReference section */
		0B414CC6222AC4CC00E392C2 /* SSHServer_legacy.swift */ = {isa = PBXFileReference; fileEncoding = 4; lastKnownFileType = sourcecode.swift; path = SSHServer_legacy.swift; sourceTree = "<group>"; };
		0B4D3250222A68D100C0A8A5 /* GenericPasswordRow.xcodeproj */ = {isa = PBXFileReference; lastKnownFileType = "wrapper.pb-project"; name = GenericPasswordRow.xcodeproj; path = GenericPasswordRow/GenericPasswordRow.xcodeproj; sourceTree = SOURCE_ROOT; };
		6B24E8EE2077707F005B33A5 /* NMSSH-iOS.xcodeproj */ = {isa = PBXFileReference; lastKnownFileType = "wrapper.pb-project"; name = "NMSSH-iOS.xcodeproj"; path = "NMSSH/NMSSH-iOS.xcodeproj"; sourceTree = SOURCE_ROOT; };
		6B24E8FC207770AB005B33A5 /* SCP-Bridging-Header.h */ = {isa = PBXFileReference; lastKnownFileType = sourcecode.c.h; name = "SCP-Bridging-Header.h"; path = "../SCP-Bridging-Header.h"; sourceTree = "<group>"; };
		6B24E90020778093005B33A5 /* Icofont.ttf */ = {isa = PBXFileReference; lastKnownFileType = file; path = Icofont.ttf; sourceTree = "<group>"; };
		6B24E90120778093005B33A5 /* MapIcons.ttf */ = {isa = PBXFileReference; lastKnownFileType = file; path = MapIcons.ttf; sourceTree = "<group>"; };
		6B24E90220778093005B33A5 /* Dripicons.ttf */ = {isa = PBXFileReference; lastKnownFileType = file; path = Dripicons.ttf; sourceTree = "<group>"; };
		6B24E90320778093005B33A5 /* OpenIconic.ttf */ = {isa = PBXFileReference; lastKnownFileType = file; path = OpenIconic.ttf; sourceTree = "<group>"; };
		6B24E90420778093005B33A5 /* WeatherIcons.ttf */ = {isa = PBXFileReference; lastKnownFileType = file; path = WeatherIcons.ttf; sourceTree = "<group>"; };
		6B24E90520778093005B33A5 /* Ionicons.ttf */ = {isa = PBXFileReference; lastKnownFileType = file; path = Ionicons.ttf; sourceTree = "<group>"; };
		6B24E90620778093005B33A5 /* FontAwesome.ttf */ = {isa = PBXFileReference; lastKnownFileType = file; path = FontAwesome.ttf; sourceTree = "<group>"; };
		6B24E90720778093005B33A5 /* Stateface.ttf */ = {isa = PBXFileReference; lastKnownFileType = file; path = Stateface.ttf; sourceTree = "<group>"; };
		6B24E90820778093005B33A5 /* Linearicons.ttf */ = {isa = PBXFileReference; lastKnownFileType = file; path = Linearicons.ttf; sourceTree = "<group>"; };
		6B24E90920778093005B33A5 /* SwiftIcons.swift */ = {isa = PBXFileReference; fileEncoding = 4; lastKnownFileType = sourcecode.swift; path = SwiftIcons.swift; sourceTree = "<group>"; };
		6B24E90A20778093005B33A5 /* Emoji.ttf */ = {isa = PBXFileReference; lastKnownFileType = file; path = Emoji.ttf; sourceTree = "<group>"; };
		6B24E90B20778093005B33A5 /* MaterialIcons.ttf */ = {isa = PBXFileReference; lastKnownFileType = file; path = MaterialIcons.ttf; sourceTree = "<group>"; };
		6B30422B222D3DAE0032100F /* EditorController.swift */ = {isa = PBXFileReference; fileEncoding = 4; lastKnownFileType = sourcecode.swift; path = EditorController.swift; sourceTree = "<group>"; };
		6B304235222D493B0032100F /* scp-file-provider.appex */ = {isa = PBXFileReference; explicitFileType = "wrapper.app-extension"; includeInIndex = 0; path = "scp-file-provider.appex"; sourceTree = BUILT_PRODUCTS_DIR; };
		6B304237222D493C0032100F /* FileProviderExtension.swift */ = {isa = PBXFileReference; lastKnownFileType = sourcecode.swift; path = FileProviderExtension.swift; sourceTree = "<group>"; };
		6B304239222D493C0032100F /* FileProviderItem.swift */ = {isa = PBXFileReference; lastKnownFileType = sourcecode.swift; path = FileProviderItem.swift; sourceTree = "<group>"; };
		6B30423B222D493C0032100F /* FileProviderEnumerator.swift */ = {isa = PBXFileReference; lastKnownFileType = sourcecode.swift; path = FileProviderEnumerator.swift; sourceTree = "<group>"; };
		6B30423D222D493C0032100F /* Info.plist */ = {isa = PBXFileReference; lastKnownFileType = text.plist.xml; path = Info.plist; sourceTree = "<group>"; };
		6B30423E222D493C0032100F /* scp_file_provider.entitlements */ = {isa = PBXFileReference; lastKnownFileType = text.plist.entitlements; path = scp_file_provider.entitlements; sourceTree = "<group>"; };
		6B304243222D493C0032100F /* scp-file-providerUI.appex */ = {isa = PBXFileReference; explicitFileType = "wrapper.app-extension"; includeInIndex = 0; path = "scp-file-providerUI.appex"; sourceTree = BUILT_PRODUCTS_DIR; };
		6B304245222D493C0032100F /* DocumentActionViewController.swift */ = {isa = PBXFileReference; lastKnownFileType = sourcecode.swift; path = DocumentActionViewController.swift; sourceTree = "<group>"; };
		6B304248222D493C0032100F /* Base */ = {isa = PBXFileReference; lastKnownFileType = file.storyboard; name = Base; path = Base.lproj/MainInterface.storyboard; sourceTree = "<group>"; };
		6B30424A222D493C0032100F /* Info.plist */ = {isa = PBXFileReference; lastKnownFileType = text.plist.xml; path = Info.plist; sourceTree = "<group>"; };
		6BC17E5520774D6300E2A999 /* SCP.app */ = {isa = PBXFileReference; explicitFileType = wrapper.application; includeInIndex = 0; path = SCP.app; sourceTree = BUILT_PRODUCTS_DIR; };
		6BC17E5820774D6300E2A999 /* AppDelegate.swift */ = {isa = PBXFileReference; lastKnownFileType = sourcecode.swift; path = AppDelegate.swift; sourceTree = "<group>"; };
		6BC17E5A20774D6300E2A999 /* MasterViewController.swift */ = {isa = PBXFileReference; lastKnownFileType = sourcecode.swift; path = MasterViewController.swift; sourceTree = "<group>"; };
		6BC17E5C20774D6300E2A999 /* DetailViewController.swift */ = {isa = PBXFileReference; lastKnownFileType = sourcecode.swift; path = DetailViewController.swift; sourceTree = "<group>"; };
		6BC17E5F20774D6300E2A999 /* Base */ = {isa = PBXFileReference; lastKnownFileType = file.storyboard; name = Base; path = Base.lproj/Main.storyboard; sourceTree = "<group>"; };
		6BC17E6120774D6300E2A999 /* Assets.xcassets */ = {isa = PBXFileReference; lastKnownFileType = folder.assetcatalog; path = Assets.xcassets; sourceTree = "<group>"; };
		6BC17E6420774D6300E2A999 /* Base */ = {isa = PBXFileReference; lastKnownFileType = file.storyboard; name = Base; path = Base.lproj/LaunchScreen.storyboard; sourceTree = "<group>"; };
		6BC17E6620774D6300E2A999 /* Info.plist */ = {isa = PBXFileReference; lastKnownFileType = text.plist.xml; path = Info.plist; sourceTree = "<group>"; };
		6BC17E6F2077519C00E2A999 /* Keychain.swift */ = {isa = PBXFileReference; fileEncoding = 4; lastKnownFileType = sourcecode.swift; path = Keychain.swift; sourceTree = "<group>"; };
		6BC17E7120775FF100E2A999 /* Eureka.xcodeproj */ = {isa = PBXFileReference; lastKnownFileType = "wrapper.pb-project"; name = Eureka.xcodeproj; path = Eureka/Eureka.xcodeproj; sourceTree = SOURCE_ROOT; };
		6BC17E7F2077605300E2A999 /* AddServerViewController.swift */ = {isa = PBXFileReference; lastKnownFileType = sourcecode.swift; path = AddServerViewController.swift; sourceTree = "<group>"; };
		6BC17E82207766C400E2A999 /* SSHServer.swift */ = {isa = PBXFileReference; fileEncoding = 4; lastKnownFileType = sourcecode.swift; path = SSHServer.swift; sourceTree = "<group>"; };
		6BC17E8820776B8E00E2A999 /* SSHServerTableViewController.swift */ = {isa = PBXFileReference; lastKnownFileType = sourcecode.swift; path = SSHServerTableViewController.swift; sourceTree = "<group>"; };
		6BEB47BF224E3DA3003FB71E /* SettingsViewController.swift */ = {isa = PBXFileReference; lastKnownFileType = sourcecode.swift; path = SettingsViewController.swift; sourceTree = "<group>"; };
		6BEB47C4224E4700003FB71E /* PasscodeLock.xcodeproj */ = {isa = PBXFileReference; lastKnownFileType = "wrapper.pb-project"; name = PasscodeLock.xcodeproj; path = SwiftPasscodeLock/PasscodeLock.xcodeproj; sourceTree = SOURCE_ROOT; };
		6BEB47E5224E485A003FB71E /* PasscodeLockConfiguration.swift */ = {isa = PBXFileReference; lastKnownFileType = sourcecode.swift; path = PasscodeLockConfiguration.swift; sourceTree = "<group>"; };
		6BEB47E7224E4912003FB71E /* UserDefaultsPasscodeRepository.swift */ = {isa = PBXFileReference; fileEncoding = 4; lastKnownFileType = sourcecode.swift; path = UserDefaultsPasscodeRepository.swift; sourceTree = "<group>"; };
		6BEB47E9224E4E56003FB71E /* CustomPasscodeLockPresenter.swift */ = {isa = PBXFileReference; fileEncoding = 4; lastKnownFileType = sourcecode.swift; path = CustomPasscodeLockPresenter.swift; sourceTree = "<group>"; };
		6BEB47EB224E4E79003FB71E /* LockSplashView.swift */ = {isa = PBXFileReference; fileEncoding = 4; lastKnownFileType = sourcecode.swift; path = LockSplashView.swift; sourceTree = "<group>"; };
/* End PBXFileReference section */

/* Begin PBXFrameworksBuildPhase section */
		6B304232222D493B0032100F /* Frameworks */ = {
			isa = PBXFrameworksBuildPhase;
			buildActionMask = 2147483647;
			files = (
			);
			runOnlyForDeploymentPostprocessing = 0;
		};
		6B304240222D493C0032100F /* Frameworks */ = {
			isa = PBXFrameworksBuildPhase;
			buildActionMask = 2147483647;
			files = (
			);
			runOnlyForDeploymentPostprocessing = 0;
		};
		6BC17E5220774D6300E2A999 /* Frameworks */ = {
			isa = PBXFrameworksBuildPhase;
			buildActionMask = 2147483647;
			files = (
				6B24E8F820777084005B33A5 /* NMSSH.framework in Frameworks */,
				6BEB47F4224E503C003FB71E /* PasscodeLock.framework in Frameworks */,
				6BC17E7A2077602000E2A999 /* Eureka.framework in Frameworks */,
				0B4D325C222A68E000C0A8A5 /* GenericPasswordRow.framework in Frameworks */,
			);
			runOnlyForDeploymentPostprocessing = 0;
		};
/* End PBXFrameworksBuildPhase section */

/* Begin PBXGroup section */
		0B4D3251222A68D100C0A8A5 /* Products */ = {
			isa = PBXGroup;
			children = (
				0B4D3257222A68D100C0A8A5 /* GenericPasswordRow.framework */,
				0B4D3259222A68D100C0A8A5 /* GenericPasswordRowTests.xctest */,
			);
			name = Products;
			sourceTree = "<group>";
		};
		6B24E8EF2077707F005B33A5 /* Products */ = {
			isa = PBXGroup;
			children = (
				6B24E8F52077707F005B33A5 /* NMSSH Static.framework */,
				6B24E8F72077707F005B33A5 /* NMSSH.framework */,
			);
			name = Products;
			sourceTree = "<group>";
		};
		6B24E8FF20778093005B33A5 /* icons */ = {
			isa = PBXGroup;
			children = (
				6B24E90020778093005B33A5 /* Icofont.ttf */,
				6B24E90120778093005B33A5 /* MapIcons.ttf */,
				6B24E90220778093005B33A5 /* Dripicons.ttf */,
				6B24E90320778093005B33A5 /* OpenIconic.ttf */,
				6B24E90420778093005B33A5 /* WeatherIcons.ttf */,
				6B24E90520778093005B33A5 /* Ionicons.ttf */,
				6B24E90620778093005B33A5 /* FontAwesome.ttf */,
				6B24E90720778093005B33A5 /* Stateface.ttf */,
				6B24E90820778093005B33A5 /* Linearicons.ttf */,
				6B24E90920778093005B33A5 /* SwiftIcons.swift */,
				6B24E90A20778093005B33A5 /* Emoji.ttf */,
				6B24E90B20778093005B33A5 /* MaterialIcons.ttf */,
			);
			path = icons;
			sourceTree = "<group>";
		};
		6B304236222D493B0032100F /* scp-file-provider */ = {
			isa = PBXGroup;
			children = (
				6B304237222D493C0032100F /* FileProviderExtension.swift */,
				6B304239222D493C0032100F /* FileProviderItem.swift */,
				6B30423B222D493C0032100F /* FileProviderEnumerator.swift */,
				6B30423D222D493C0032100F /* Info.plist */,
				6B30423E222D493C0032100F /* scp_file_provider.entitlements */,
			);
			path = "scp-file-provider";
			sourceTree = "<group>";
		};
		6B304244222D493C0032100F /* scp-file-providerUI */ = {
			isa = PBXGroup;
			children = (
				6B304245222D493C0032100F /* DocumentActionViewController.swift */,
				6B304247222D493C0032100F /* MainInterface.storyboard */,
				6B30424A222D493C0032100F /* Info.plist */,
			);
			path = "scp-file-providerUI";
			sourceTree = "<group>";
		};
		6BC17E4C20774D6300E2A999 = {
			isa = PBXGroup;
			children = (
				6BC17E5720774D6300E2A999 /* SCP */,
				6B304236222D493B0032100F /* scp-file-provider */,
				6B304244222D493C0032100F /* scp-file-providerUI */,
				6BC17E5620774D6300E2A999 /* Products */,
			);
			sourceTree = "<group>";
		};
		6BC17E5620774D6300E2A999 /* Products */ = {
			isa = PBXGroup;
			children = (
				6BC17E5520774D6300E2A999 /* SCP.app */,
				6B304235222D493B0032100F /* scp-file-provider.appex */,
				6B304243222D493C0032100F /* scp-file-providerUI.appex */,
			);
			name = Products;
			sourceTree = "<group>";
		};
		6BC17E5720774D6300E2A999 /* SCP */ = {
			isa = PBXGroup;
			children = (
				6BEB47EB224E4E79003FB71E /* LockSplashView.swift */,
				6BEB47E9224E4E56003FB71E /* CustomPasscodeLockPresenter.swift */,
				6BEB47E7224E4912003FB71E /* UserDefaultsPasscodeRepository.swift */,
				6BEB47E5224E485A003FB71E /* PasscodeLockConfiguration.swift */,
				0B414CC6222AC4CC00E392C2 /* SSHServer_legacy.swift */,
				6BEB47BF224E3DA3003FB71E /* SettingsViewController.swift */,
				6BC17E82207766C400E2A999 /* SSHServer.swift */,
				6BC17E6F2077519C00E2A999 /* Keychain.swift */,
				6BC17E5820774D6300E2A999 /* AppDelegate.swift */,
				6BC17E5A20774D6300E2A999 /* MasterViewController.swift */,
				6BC17E7F2077605300E2A999 /* AddServerViewController.swift */,
				6B30422B222D3DAE0032100F /* EditorController.swift */,
				6BC17E5C20774D6300E2A999 /* DetailViewController.swift */,
				6BC17E8820776B8E00E2A999 /* SSHServerTableViewController.swift */,
				6BC17E5E20774D6300E2A999 /* Main.storyboard */,
				6BC17E6120774D6300E2A999 /* Assets.xcassets */,
				6BC17E6320774D6300E2A999 /* LaunchScreen.storyboard */,
				6B24E8FC207770AB005B33A5 /* SCP-Bridging-Header.h */,
				6BC17E6620774D6300E2A999 /* Info.plist */,
				6B24E8FF20778093005B33A5 /* icons */,
				6BEB47C4224E4700003FB71E /* PasscodeLock.xcodeproj */,
				0B4D3250222A68D100C0A8A5 /* GenericPasswordRow.xcodeproj */,
				6B24E8EE2077707F005B33A5 /* NMSSH-iOS.xcodeproj */,
				6BC17E7120775FF100E2A999 /* Eureka.xcodeproj */,
			);
			path = SCP;
			sourceTree = "<group>";
		};
		6BC17E7220775FF100E2A999 /* Products */ = {
			isa = PBXGroup;
			children = (
				6BC17E7720775FF100E2A999 /* Eureka.framework */,
				6BC17E7920775FF100E2A999 /* EurekaTests.xctest */,
			);
			name = Products;
			sourceTree = "<group>";
		};
		6BEB47EF224E4FFD003FB71E /* Products */ = {
			isa = PBXGroup;
			children = (
				6BEB47F3224E4FFD003FB71E /* PasscodeLock.framework */,
			);
			name = Products;
			sourceTree = "<group>";
		};
/* End PBXGroup section */

/* Begin PBXNativeTarget section */
		6B304234222D493B0032100F /* scp-file-provider */ = {
			isa = PBXNativeTarget;
			buildConfigurationList = 6B304254222D493C0032100F /* Build configuration list for PBXNativeTarget "scp-file-provider" */;
			buildPhases = (
				6B304231222D493B0032100F /* Sources */,
				6B304232222D493B0032100F /* Frameworks */,
				6B304233222D493B0032100F /* Resources */,
			);
			buildRules = (
			);
			dependencies = (
			);
			name = "scp-file-provider";
			productName = "scp-file-provider";
			productReference = 6B304235222D493B0032100F /* scp-file-provider.appex */;
			productType = "com.apple.product-type.app-extension";
		};
		6B304242222D493C0032100F /* scp-file-providerUI */ = {
			isa = PBXNativeTarget;
			buildConfigurationList = 6B304251222D493C0032100F /* Build configuration list for PBXNativeTarget "scp-file-providerUI" */;
			buildPhases = (
				6B30423F222D493C0032100F /* Sources */,
				6B304240222D493C0032100F /* Frameworks */,
				6B304241222D493C0032100F /* Resources */,
			);
			buildRules = (
			);
			dependencies = (
			);
			name = "scp-file-providerUI";
			productName = "scp-file-providerUI";
			productReference = 6B304243222D493C0032100F /* scp-file-providerUI.appex */;
			productType = "com.apple.product-type.app-extension";
		};
		6BC17E5420774D6300E2A999 /* SCP */ = {
			isa = PBXNativeTarget;
			buildConfigurationList = 6BC17E6920774D6300E2A999 /* Build configuration list for PBXNativeTarget "SCP" */;
			buildPhases = (
				6BC17E5120774D6300E2A999 /* Sources */,
				6BC17E5220774D6300E2A999 /* Frameworks */,
				6BC17E5320774D6300E2A999 /* Resources */,
				6BC17E7E2077602000E2A999 /* Embed Frameworks */,
			);
			buildRules = (
			);
			dependencies = (
				6BC17E7D2077602000E2A999 /* PBXTargetDependency */,
				6B24E8FB20777084005B33A5 /* PBXTargetDependency */,
				0B4D325F222A68E000C0A8A5 /* PBXTargetDependency */,
				6BEB47F7224E503C003FB71E /* PBXTargetDependency */,
			);
			name = SCP;
			productName = SCP;
			productReference = 6BC17E5520774D6300E2A999 /* SCP.app */;
			productType = "com.apple.product-type.application";
		};
/* End PBXNativeTarget section */

/* Begin PBXProject section */
		6BC17E4D20774D6300E2A999 /* Project object */ = {
			isa = PBXProject;
			attributes = {
				LastSwiftUpdateCheck = 1010;
				LastUpgradeCheck = 0930;
				ORGANIZATIONNAME = LD;
				TargetAttributes = {
					6B304234222D493B0032100F = {
						CreatedOnToolsVersion = 10.1;
					};
					6B304242222D493C0032100F = {
						CreatedOnToolsVersion = 10.1;
					};
					6BC17E5420774D6300E2A999 = {
						CreatedOnToolsVersion = 9.3;
						LastSwiftMigration = 1010;
					};
				};
			};
			buildConfigurationList = 6BC17E5020774D6300E2A999 /* Build configuration list for PBXProject "SCP" */;
			compatibilityVersion = "Xcode 9.3";
			developmentRegion = en;
			hasScannedForEncodings = 0;
			knownRegions = (
				en,
				Base,
			);
			mainGroup = 6BC17E4C20774D6300E2A999;
			productRefGroup = 6BC17E5620774D6300E2A999 /* Products */;
			projectDirPath = "";
			projectReferences = (
				{
					ProductGroup = 6BC17E7220775FF100E2A999 /* Products */;
					ProjectRef = 6BC17E7120775FF100E2A999 /* Eureka.xcodeproj */;
				},
				{
					ProductGroup = 0B4D3251222A68D100C0A8A5 /* Products */;
					ProjectRef = 0B4D3250222A68D100C0A8A5 /* GenericPasswordRow.xcodeproj */;
				},
				{
					ProductGroup = 6B24E8EF2077707F005B33A5 /* Products */;
					ProjectRef = 6B24E8EE2077707F005B33A5 /* NMSSH-iOS.xcodeproj */;
				},
				{
					ProductGroup = 6BEB47EF224E4FFD003FB71E /* Products */;
					ProjectRef = 6BEB47C4224E4700003FB71E /* PasscodeLock.xcodeproj */;
				},
			);
			projectRoot = "";
			targets = (
				6BC17E5420774D6300E2A999 /* SCP */,
				6B304234222D493B0032100F /* scp-file-provider */,
				6B304242222D493C0032100F /* scp-file-providerUI */,
			);
		};
/* End PBXProject section */

/* Begin PBXReferenceProxy section */
		0B4D3257222A68D100C0A8A5 /* GenericPasswordRow.framework */ = {
			isa = PBXReferenceProxy;
			fileType = wrapper.framework;
			path = GenericPasswordRow.framework;
			remoteRef = 0B4D3256222A68D100C0A8A5 /* PBXContainerItemProxy */;
			sourceTree = BUILT_PRODUCTS_DIR;
		};
		0B4D3259222A68D100C0A8A5 /* GenericPasswordRowTests.xctest */ = {
			isa = PBXReferenceProxy;
			fileType = wrapper.cfbundle;
			path = GenericPasswordRowTests.xctest;
			remoteRef = 0B4D3258222A68D100C0A8A5 /* PBXContainerItemProxy */;
			sourceTree = BUILT_PRODUCTS_DIR;
		};
		6B24E8F52077707F005B33A5 /* NMSSH Static.framework */ = {
			isa = PBXReferenceProxy;
			fileType = wrapper.cfbundle;
			path = "NMSSH Static.framework";
			remoteRef = 6B24E8F42077707F005B33A5 /* PBXContainerItemProxy */;
			sourceTree = BUILT_PRODUCTS_DIR;
		};
		6B24E8F72077707F005B33A5 /* NMSSH.framework */ = {
			isa = PBXReferenceProxy;
			fileType = wrapper.framework;
			path = NMSSH.framework;
			remoteRef = 6B24E8F62077707F005B33A5 /* PBXContainerItemProxy */;
			sourceTree = BUILT_PRODUCTS_DIR;
		};
		6BC17E7720775FF100E2A999 /* Eureka.framework */ = {
			isa = PBXReferenceProxy;
			fileType = wrapper.framework;
			path = Eureka.framework;
			remoteRef = 6BC17E7620775FF100E2A999 /* PBXContainerItemProxy */;
			sourceTree = BUILT_PRODUCTS_DIR;
		};
		6BC17E7920775FF100E2A999 /* EurekaTests.xctest */ = {
			isa = PBXReferenceProxy;
			fileType = wrapper.cfbundle;
			path = EurekaTests.xctest;
			remoteRef = 6BC17E7820775FF100E2A999 /* PBXContainerItemProxy */;
			sourceTree = BUILT_PRODUCTS_DIR;
		};
		6BEB47F3224E4FFD003FB71E /* PasscodeLock.framework */ = {
			isa = PBXReferenceProxy;
			fileType = wrapper.framework;
			path = PasscodeLock.framework;
			remoteRef = 6BEB47F2224E4FFD003FB71E /* PBXContainerItemProxy */;
			sourceTree = BUILT_PRODUCTS_DIR;
		};
/* End PBXReferenceProxy section */

/* Begin PBXResourcesBuildPhase section */
		6B304233222D493B0032100F /* Resources */ = {
			isa = PBXResourcesBuildPhase;
			buildActionMask = 2147483647;
			files = (
			);
			runOnlyForDeploymentPostprocessing = 0;
		};
		6B304241222D493C0032100F /* Resources */ = {
			isa = PBXResourcesBuildPhase;
			buildActionMask = 2147483647;
			files = (
				6B304249222D493C0032100F /* MainInterface.storyboard in Resources */,
			);
			runOnlyForDeploymentPostprocessing = 0;
		};
		6BC17E5320774D6300E2A999 /* Resources */ = {
			isa = PBXResourcesBuildPhase;
			buildActionMask = 2147483647;
			files = (
				6B24E91320778093005B33A5 /* Stateface.ttf in Resources */,
				6B24E91020778093005B33A5 /* WeatherIcons.ttf in Resources */,
				6B24E91220778093005B33A5 /* FontAwesome.ttf in Resources */,
				6BC17E6520774D6300E2A999 /* LaunchScreen.storyboard in Resources */,
				6B24E91120778093005B33A5 /* Ionicons.ttf in Resources */,
				6B24E90C20778093005B33A5 /* Icofont.ttf in Resources */,
				6B24E91720778093005B33A5 /* MaterialIcons.ttf in Resources */,
				6B24E91420778093005B33A5 /* Linearicons.ttf in Resources */,
				6B24E90D20778093005B33A5 /* MapIcons.ttf in Resources */,
				6BC17E6220774D6300E2A999 /* Assets.xcassets in Resources */,
				6B24E90E20778093005B33A5 /* Dripicons.ttf in Resources */,
				6B24E90F20778093005B33A5 /* OpenIconic.ttf in Resources */,
				6BC17E6020774D6300E2A999 /* Main.storyboard in Resources */,
				6B24E91620778093005B33A5 /* Emoji.ttf in Resources */,
			);
			runOnlyForDeploymentPostprocessing = 0;
		};
/* End PBXResourcesBuildPhase section */

/* Begin PBXSourcesBuildPhase section */
		6B304231222D493B0032100F /* Sources */ = {
			isa = PBXSourcesBuildPhase;
			buildActionMask = 2147483647;
			files = (
				6B304238222D493C0032100F /* FileProviderExtension.swift in Sources */,
				6B30423A222D493C0032100F /* FileProviderItem.swift in Sources */,
				6B30423C222D493C0032100F /* FileProviderEnumerator.swift in Sources */,
			);
			runOnlyForDeploymentPostprocessing = 0;
		};
		6B30423F222D493C0032100F /* Sources */ = {
			isa = PBXSourcesBuildPhase;
			buildActionMask = 2147483647;
			files = (
				6B304246222D493C0032100F /* DocumentActionViewController.swift in Sources */,
			);
			runOnlyForDeploymentPostprocessing = 0;
		};
		6BC17E5120774D6300E2A999 /* Sources */ = {
			isa = PBXSourcesBuildPhase;
			buildActionMask = 2147483647;
			files = (
				6BEB47EA224E4E56003FB71E /* CustomPasscodeLockPresenter.swift in Sources */,
				6BC17E5D20774D6300E2A999 /* DetailViewController.swift in Sources */,
				6BEB47E6224E485A003FB71E /* PasscodeLockConfiguration.swift in Sources */,
				6BC17E802077605300E2A999 /* AddServerViewController.swift in Sources */,
				6BEB47C0224E3DA3003FB71E /* SettingsViewController.swift in Sources */,
				6B304230222D3DAE0032100F /* EditorController.swift in Sources */,
				6BEB47EC224E4E79003FB71E /* LockSplashView.swift in Sources */,
				6BC17E702077519C00E2A999 /* Keychain.swift in Sources */,
				6BEB47E8224E4912003FB71E /* UserDefaultsPasscodeRepository.swift in Sources */,
				6BC17E83207766C400E2A999 /* SSHServer.swift in Sources */,
				6B24E91520778093005B33A5 /* SwiftIcons.swift in Sources */,
				0B414CCB222AC4CD00E392C2 /* SSHServer_legacy.swift in Sources */,
				6BC17E8920776B8E00E2A999 /* SSHServerTableViewController.swift in Sources */,
				6BC17E5B20774D6300E2A999 /* MasterViewController.swift in Sources */,
				6BC17E5920774D6300E2A999 /* AppDelegate.swift in Sources */,
			);
			runOnlyForDeploymentPostprocessing = 0;
		};
/* End PBXSourcesBuildPhase section */

/* Begin PBXTargetDependency section */
		0B4D325F222A68E000C0A8A5 /* PBXTargetDependency */ = {
			isa = PBXTargetDependency;
			name = GenericPasswordRow;
			targetProxy = 0B4D325E222A68E000C0A8A5 /* PBXContainerItemProxy */;
		};
		6B24E8FB20777084005B33A5 /* PBXTargetDependency */ = {
			isa = PBXTargetDependency;
			name = NMSSH;
			targetProxy = 6B24E8FA20777084005B33A5 /* PBXContainerItemProxy */;
		};
		6BC17E7D2077602000E2A999 /* PBXTargetDependency */ = {
			isa = PBXTargetDependency;
			name = Eureka;
			targetProxy = 6BC17E7C2077602000E2A999 /* PBXContainerItemProxy */;
		};
		6BEB47F7224E503C003FB71E /* PBXTargetDependency */ = {
			isa = PBXTargetDependency;
			name = PasscodeLock;
			targetProxy = 6BEB47F6224E503C003FB71E /* PBXContainerItemProxy */;
		};
/* End PBXTargetDependency section */

/* Begin PBXVariantGroup section */
		6B304247222D493C0032100F /* MainInterface.storyboard */ = {
			isa = PBXVariantGroup;
			children = (
				6B304248222D493C0032100F /* Base */,
			);
			name = MainInterface.storyboard;
			sourceTree = "<group>";
		};
		6BC17E5E20774D6300E2A999 /* Main.storyboard */ = {
			isa = PBXVariantGroup;
			children = (
				6BC17E5F20774D6300E2A999 /* Base */,
			);
			name = Main.storyboard;
			sourceTree = "<group>";
		};
		6BC17E6320774D6300E2A999 /* LaunchScreen.storyboard */ = {
			isa = PBXVariantGroup;
			children = (
				6BC17E6420774D6300E2A999 /* Base */,
			);
			name = LaunchScreen.storyboard;
			sourceTree = "<group>";
		};
/* End PBXVariantGroup section */

/* Begin XCBuildConfiguration section */
		6B304252222D493C0032100F /* Debug */ = {
			isa = XCBuildConfiguration;
			buildSettings = {
				CODE_SIGN_STYLE = Automatic;
				DEVELOPMENT_TEAM = N43S8JF6JT;
				INFOPLIST_FILE = "scp-file-providerUI/Info.plist";
				IPHONEOS_DEPLOYMENT_TARGET = 12.1;
				LD_RUNPATH_SEARCH_PATHS = (
					"$(inherited)",
					"@executable_path/Frameworks",
					"@executable_path/../../Frameworks",
				);
				MTL_ENABLE_DEBUG_INFO = INCLUDE_SOURCE;
				MTL_FAST_MATH = YES;
				PRODUCT_BUNDLE_IDENTIFIER = "com.picktek.sscpclient.scp-file-providerUI";
				PRODUCT_NAME = "$(TARGET_NAME)";
				SKIP_INSTALL = YES;
				SWIFT_VERSION = 4.2;
				TARGETED_DEVICE_FAMILY = "1,2";
			};
			name = Debug;
		};
		6B304253222D493C0032100F /* Release */ = {
			isa = XCBuildConfiguration;
			buildSettings = {
				CODE_SIGN_STYLE = Automatic;
				DEVELOPMENT_TEAM = N43S8JF6JT;
				INFOPLIST_FILE = "scp-file-providerUI/Info.plist";
				IPHONEOS_DEPLOYMENT_TARGET = 12.1;
				LD_RUNPATH_SEARCH_PATHS = (
					"$(inherited)",
					"@executable_path/Frameworks",
					"@executable_path/../../Frameworks",
				);
				MTL_FAST_MATH = YES;
				PRODUCT_BUNDLE_IDENTIFIER = "com.picktek.sscpclient.scp-file-providerUI";
				PRODUCT_NAME = "$(TARGET_NAME)";
				SKIP_INSTALL = YES;
				SWIFT_VERSION = 4.2;
				TARGETED_DEVICE_FAMILY = "1,2";
			};
			name = Release;
		};
		6B304255222D493C0032100F /* Debug */ = {
			isa = XCBuildConfiguration;
			buildSettings = {
				CODE_SIGN_ENTITLEMENTS = "scp-file-provider/scp_file_provider.entitlements";
				CODE_SIGN_STYLE = Automatic;
				DEVELOPMENT_TEAM = N43S8JF6JT;
				INFOPLIST_FILE = "scp-file-provider/Info.plist";
				IPHONEOS_DEPLOYMENT_TARGET = 12.1;
				LD_RUNPATH_SEARCH_PATHS = (
					"$(inherited)",
					"@executable_path/Frameworks",
					"@executable_path/../../Frameworks",
				);
				MTL_ENABLE_DEBUG_INFO = INCLUDE_SOURCE;
				MTL_FAST_MATH = YES;
				PRODUCT_BUNDLE_IDENTIFIER = "com.picktek.sscpclient.scp-file-provider";
				PRODUCT_NAME = "$(TARGET_NAME)";
				SKIP_INSTALL = YES;
				SWIFT_VERSION = 4.2;
				TARGETED_DEVICE_FAMILY = "1,2";
			};
			name = Debug;
		};
		6B304256222D493C0032100F /* Release */ = {
			isa = XCBuildConfiguration;
			buildSettings = {
				CODE_SIGN_ENTITLEMENTS = "scp-file-provider/scp_file_provider.entitlements";
				CODE_SIGN_STYLE = Automatic;
				DEVELOPMENT_TEAM = N43S8JF6JT;
				INFOPLIST_FILE = "scp-file-provider/Info.plist";
				IPHONEOS_DEPLOYMENT_TARGET = 12.1;
				LD_RUNPATH_SEARCH_PATHS = (
					"$(inherited)",
					"@executable_path/Frameworks",
					"@executable_path/../../Frameworks",
				);
				MTL_FAST_MATH = YES;
				PRODUCT_BUNDLE_IDENTIFIER = "com.picktek.sscpclient.scp-file-provider";
				PRODUCT_NAME = "$(TARGET_NAME)";
				SKIP_INSTALL = YES;
				SWIFT_VERSION = 4.2;
				TARGETED_DEVICE_FAMILY = "1,2";
			};
			name = Release;
		};
		6BC17E6720774D6300E2A999 /* Debug */ = {
			isa = XCBuildConfiguration;
			buildSettings = {
				ALWAYS_SEARCH_USER_PATHS = NO;
				CLANG_ANALYZER_NONNULL = YES;
				CLANG_ANALYZER_NUMBER_OBJECT_CONVERSION = YES_AGGRESSIVE;
				CLANG_CXX_LANGUAGE_STANDARD = "gnu++14";
				CLANG_CXX_LIBRARY = "libc++";
				CLANG_ENABLE_MODULES = YES;
				CLANG_ENABLE_OBJC_ARC = YES;
				CLANG_ENABLE_OBJC_WEAK = YES;
				CLANG_WARN_BLOCK_CAPTURE_AUTORELEASING = YES;
				CLANG_WARN_BOOL_CONVERSION = YES;
				CLANG_WARN_COMMA = YES;
				CLANG_WARN_CONSTANT_CONVERSION = YES;
				CLANG_WARN_DEPRECATED_OBJC_IMPLEMENTATIONS = YES;
				CLANG_WARN_DIRECT_OBJC_ISA_USAGE = YES_ERROR;
				CLANG_WARN_DOCUMENTATION_COMMENTS = YES;
				CLANG_WARN_EMPTY_BODY = YES;
				CLANG_WARN_ENUM_CONVERSION = YES;
				CLANG_WARN_INFINITE_RECURSION = YES;
				CLANG_WARN_INT_CONVERSION = YES;
				CLANG_WARN_NON_LITERAL_NULL_CONVERSION = YES;
				CLANG_WARN_OBJC_IMPLICIT_RETAIN_SELF = YES;
				CLANG_WARN_OBJC_LITERAL_CONVERSION = YES;
				CLANG_WARN_OBJC_ROOT_CLASS = YES_ERROR;
				CLANG_WARN_RANGE_LOOP_ANALYSIS = YES;
				CLANG_WARN_STRICT_PROTOTYPES = YES;
				CLANG_WARN_SUSPICIOUS_MOVE = YES;
				CLANG_WARN_UNGUARDED_AVAILABILITY = YES_AGGRESSIVE;
				CLANG_WARN_UNREACHABLE_CODE = YES;
				CLANG_WARN__DUPLICATE_METHOD_MATCH = YES;
				CODE_SIGN_IDENTITY = "iPhone Developer";
				COPY_PHASE_STRIP = NO;
				DEBUG_INFORMATION_FORMAT = dwarf;
				ENABLE_STRICT_OBJC_MSGSEND = YES;
				ENABLE_TESTABILITY = YES;
				GCC_C_LANGUAGE_STANDARD = gnu11;
				GCC_DYNAMIC_NO_PIC = NO;
				GCC_NO_COMMON_BLOCKS = YES;
				GCC_OPTIMIZATION_LEVEL = 0;
				GCC_PREPROCESSOR_DEFINITIONS = (
					"DEBUG=1",
					"$(inherited)",
				);
				GCC_WARN_64_TO_32_BIT_CONVERSION = YES;
				GCC_WARN_ABOUT_RETURN_TYPE = YES_ERROR;
				GCC_WARN_UNDECLARED_SELECTOR = YES;
				GCC_WARN_UNINITIALIZED_AUTOS = YES_AGGRESSIVE;
				GCC_WARN_UNUSED_FUNCTION = YES;
				GCC_WARN_UNUSED_VARIABLE = YES;
				IPHONEOS_DEPLOYMENT_TARGET = 11.3;
				MTL_ENABLE_DEBUG_INFO = YES;
				ONLY_ACTIVE_ARCH = YES;
				SDKROOT = iphoneos;
				SWIFT_ACTIVE_COMPILATION_CONDITIONS = DEBUG;
				SWIFT_OPTIMIZATION_LEVEL = "-Onone";
			};
			name = Debug;
		};
		6BC17E6820774D6300E2A999 /* Release */ = {
			isa = XCBuildConfiguration;
			buildSettings = {
				ALWAYS_SEARCH_USER_PATHS = NO;
				CLANG_ANALYZER_NONNULL = YES;
				CLANG_ANALYZER_NUMBER_OBJECT_CONVERSION = YES_AGGRESSIVE;
				CLANG_CXX_LANGUAGE_STANDARD = "gnu++14";
				CLANG_CXX_LIBRARY = "libc++";
				CLANG_ENABLE_MODULES = YES;
				CLANG_ENABLE_OBJC_ARC = YES;
				CLANG_ENABLE_OBJC_WEAK = YES;
				CLANG_WARN_BLOCK_CAPTURE_AUTORELEASING = YES;
				CLANG_WARN_BOOL_CONVERSION = YES;
				CLANG_WARN_COMMA = YES;
				CLANG_WARN_CONSTANT_CONVERSION = YES;
				CLANG_WARN_DEPRECATED_OBJC_IMPLEMENTATIONS = YES;
				CLANG_WARN_DIRECT_OBJC_ISA_USAGE = YES_ERROR;
				CLANG_WARN_DOCUMENTATION_COMMENTS = YES;
				CLANG_WARN_EMPTY_BODY = YES;
				CLANG_WARN_ENUM_CONVERSION = YES;
				CLANG_WARN_INFINITE_RECURSION = YES;
				CLANG_WARN_INT_CONVERSION = YES;
				CLANG_WARN_NON_LITERAL_NULL_CONVERSION = YES;
				CLANG_WARN_OBJC_IMPLICIT_RETAIN_SELF = YES;
				CLANG_WARN_OBJC_LITERAL_CONVERSION = YES;
				CLANG_WARN_OBJC_ROOT_CLASS = YES_ERROR;
				CLANG_WARN_RANGE_LOOP_ANALYSIS = YES;
				CLANG_WARN_STRICT_PROTOTYPES = YES;
				CLANG_WARN_SUSPICIOUS_MOVE = YES;
				CLANG_WARN_UNGUARDED_AVAILABILITY = YES_AGGRESSIVE;
				CLANG_WARN_UNREACHABLE_CODE = YES;
				CLANG_WARN__DUPLICATE_METHOD_MATCH = YES;
				CODE_SIGN_IDENTITY = "iPhone Developer";
				COPY_PHASE_STRIP = NO;
				DEBUG_INFORMATION_FORMAT = "dwarf-with-dsym";
				ENABLE_NS_ASSERTIONS = NO;
				ENABLE_STRICT_OBJC_MSGSEND = YES;
				GCC_C_LANGUAGE_STANDARD = gnu11;
				GCC_NO_COMMON_BLOCKS = YES;
				GCC_WARN_64_TO_32_BIT_CONVERSION = YES;
				GCC_WARN_ABOUT_RETURN_TYPE = YES_ERROR;
				GCC_WARN_UNDECLARED_SELECTOR = YES;
				GCC_WARN_UNINITIALIZED_AUTOS = YES_AGGRESSIVE;
				GCC_WARN_UNUSED_FUNCTION = YES;
				GCC_WARN_UNUSED_VARIABLE = YES;
				IPHONEOS_DEPLOYMENT_TARGET = 11.3;
				MTL_ENABLE_DEBUG_INFO = NO;
				SDKROOT = iphoneos;
				SWIFT_COMPILATION_MODE = wholemodule;
				SWIFT_OPTIMIZATION_LEVEL = "-O";
				VALIDATE_PRODUCT = YES;
			};
			name = Release;
		};
		6BC17E6A20774D6300E2A999 /* Debug */ = {
			isa = XCBuildConfiguration;
			buildSettings = {
				ALWAYS_EMBED_SWIFT_STANDARD_LIBRARIES = YES;
				ASSETCATALOG_COMPILER_APPICON_NAME = AppIcon;
				CLANG_ENABLE_MODULES = YES;
				CODE_SIGN_STYLE = Automatic;
				CURRENT_PROJECT_VERSION = 328;
				DEVELOPMENT_TEAM = N43S8JF6JT;
				INFOPLIST_FILE = SCP/Info.plist;
				IPHONEOS_DEPLOYMENT_TARGET = 9.3;
				LD_RUNPATH_SEARCH_PATHS = (
					"$(inherited)",
					"@executable_path/Frameworks",
				);
				PRODUCT_BUNDLE_IDENTIFIER = com.picktek.sscpclient;
				PRODUCT_NAME = "$(TARGET_NAME)";
				SWIFT_OBJC_BRIDGING_HEADER = "SCP-Bridging-Header.h";
				SWIFT_OPTIMIZATION_LEVEL = "-Onone";
				SWIFT_VERSION = 4.2;
				TARGETED_DEVICE_FAMILY = "1,2";
			};
			name = Debug;
		};
		6BC17E6B20774D6300E2A999 /* Release */ = {
			isa = XCBuildConfiguration;
			buildSettings = {
				ALWAYS_EMBED_SWIFT_STANDARD_LIBRARIES = YES;
				ASSETCATALOG_COMPILER_APPICON_NAME = AppIcon;
				CLANG_ENABLE_MODULES = YES;
				CODE_SIGN_STYLE = Automatic;
				CURRENT_PROJECT_VERSION = 328;
				DEVELOPMENT_TEAM = N43S8JF6JT;
				INFOPLIST_FILE = SCP/Info.plist;
				IPHONEOS_DEPLOYMENT_TARGET = 9.3;
				LD_RUNPATH_SEARCH_PATHS = (
					"$(inherited)",
					"@executable_path/Frameworks",
				);
				PRODUCT_BUNDLE_IDENTIFIER = com.picktek.sscpclient;
				PRODUCT_NAME = "$(TARGET_NAME)";
				SWIFT_OBJC_BRIDGING_HEADER = "SCP-Bridging-Header.h";
				SWIFT_VERSION = 4.2;
				TARGETED_DEVICE_FAMILY = "1,2";
			};
			name = Release;
		};
/* End XCBuildConfiguration section */

/* Begin XCConfigurationList section */
		6B304251222D493C0032100F /* Build configuration list for PBXNativeTarget "scp-file-providerUI" */ = {
			isa = XCConfigurationList;
			buildConfigurations = (
				6B304252222D493C0032100F /* Debug */,
				6B304253222D493C0032100F /* Release */,
			);
			defaultConfigurationIsVisible = 0;
			defaultConfigurationName = Release;
		};
		6B304254222D493C0032100F /* Build configuration list for PBXNativeTarget "scp-file-provider" */ = {
			isa = XCConfigurationList;
			buildConfigurations = (
				6B304255222D493C0032100F /* Debug */,
				6B304256222D493C0032100F /* Release */,
			);
			defaultConfigurationIsVisible = 0;
			defaultConfigurationName = Release;
		};
		6BC17E5020774D6300E2A999 /* Build configuration list for PBXProject "SCP" */ = {
			isa = XCConfigurationList;
			buildConfigurations = (
				6BC17E6720774D6300E2A999 /* Debug */,
				6BC17E6820774D6300E2A999 /* Release */,
			);
			defaultConfigurationIsVisible = 0;
			defaultConfigurationName = Release;
		};
		6BC17E6920774D6300E2A999 /* Build configuration list for PBXNativeTarget "SCP" */ = {
			isa = XCConfigurationList;
			buildConfigurations = (
				6BC17E6A20774D6300E2A999 /* Debug */,
				6BC17E6B20774D6300E2A999 /* Release */,
			);
			defaultConfigurationIsVisible = 0;
			defaultConfigurationName = Release;
		};
/* End XCConfigurationList section */
	};
	rootObject = 6BC17E4D20774D6300E2A999 /* Project object */;
}
